// !$*UTF8*$!
{
	archiveVersion = 1;
	classes = {
	};
	objectVersion = 46;
	objects = {

/* Begin PBXBuildFile section */
		97027EA815AB238F00466D8E /* ResultViewController.m in Sources */ = {isa = PBXBuildFile; fileRef = 97027EA715AB238E00466D8E /* ResultViewController.m */; };
		9741190115AF279C00939706 /* ProfilViewController.m in Sources */ = {isa = PBXBuildFile; fileRef = 9741190015AF279C00939706 /* ProfilViewController.m */; };
		9741190415AF30FC00939706 /* FBConnect.bundle in Resources */ = {isa = PBXBuildFile; fileRef = 9741190315AF30FC00939706 /* FBConnect.bundle */; };
		9741190715AF41B400939706 /* LoginViewController.m in Sources */ = {isa = PBXBuildFile; fileRef = 9741190615AF41B400939706 /* LoginViewController.m */; };
		9741190A15AF48A400939706 /* LoginSession.m in Sources */ = {isa = PBXBuildFile; fileRef = 9741190915AF48A400939706 /* LoginSession.m */; };
		9780D0A515A4C54F00311B30 /* Security.framework in Frameworks */ = {isa = PBXBuildFile; fileRef = 9780D0A415A4C54F00311B30 /* Security.framework */; };
		9780D0CA15A7182D00311B30 /* LocalisationEngine.m in Sources */ = {isa = PBXBuildFile; fileRef = 9780D0C915A7182C00311B30 /* LocalisationEngine.m */; };
		9780D10815A88F6000311B30 /* MapKit.framework in Frameworks */ = {isa = PBXBuildFile; fileRef = 9780D10715A88F5F00311B30 /* MapKit.framework */; };
		9780D10D15A8A2CB00311B30 /* CoreLocation.framework in Frameworks */ = {isa = PBXBuildFile; fileRef = 9780D10C15A8A2CA00311B30 /* CoreLocation.framework */; };
		9780D11015A8BDE100311B30 /* LocalisationAnnotation.m in Sources */ = {isa = PBXBuildFile; fileRef = 9780D10F15A8BDE000311B30 /* LocalisationAnnotation.m */; };
		9780D15115A8E18D00311B30 /* Jastor.m in Sources */ = {isa = PBXBuildFile; fileRef = 9780D14E15A8E18D00311B30 /* Jastor.m */; };
		9780D15215A8E18D00311B30 /* JastorRuntimeHelper.m in Sources */ = {isa = PBXBuildFile; fileRef = 9780D15015A8E18D00311B30 /* JastorRuntimeHelper.m */; };
		9780D16915A8E30D00311B30 /* NSAlert+MKNetworkKitAdditions.m in Sources */ = {isa = PBXBuildFile; fileRef = 9780D15615A8E30D00311B30 /* NSAlert+MKNetworkKitAdditions.m */; };
		9780D16A15A8E30D00311B30 /* NSData+Base64.m in Sources */ = {isa = PBXBuildFile; fileRef = 9780D15815A8E30D00311B30 /* NSData+Base64.m */; };
		9780D16B15A8E30D00311B30 /* NSDate+RFC1123.m in Sources */ = {isa = PBXBuildFile; fileRef = 9780D15A15A8E30D00311B30 /* NSDate+RFC1123.m */; };
		9780D16C15A8E30D00311B30 /* NSDictionary+RequestEncoding.m in Sources */ = {isa = PBXBuildFile; fileRef = 9780D15C15A8E30D00311B30 /* NSDictionary+RequestEncoding.m */; };
		9780D16D15A8E30D00311B30 /* NSString+MKNetworkKitAdditions.m in Sources */ = {isa = PBXBuildFile; fileRef = 9780D15E15A8E30D00311B30 /* NSString+MKNetworkKitAdditions.m */; };
		9780D16E15A8E30D00311B30 /* UIAlertView+MKNetworkKitAdditions.m in Sources */ = {isa = PBXBuildFile; fileRef = 9780D16015A8E30D00311B30 /* UIAlertView+MKNetworkKitAdditions.m */; };
		9780D16F15A8E30D00311B30 /* MKNetworkEngine.m in Sources */ = {isa = PBXBuildFile; fileRef = 9780D16215A8E30D00311B30 /* MKNetworkEngine.m */; };
		9780D17015A8E30D00311B30 /* MKNetworkOperation.m in Sources */ = {isa = PBXBuildFile; fileRef = 9780D16515A8E30D00311B30 /* MKNetworkOperation.m */; };
		9780D17115A8E30D00311B30 /* Reachability.m in Sources */ = {isa = PBXBuildFile; fileRef = 9780D16815A8E30D00311B30 /* Reachability.m */; };
		97E7882A15B357D400F0FD4F /* NoAnimSegue.m in Sources */ = {isa = PBXBuildFile; fileRef = 97E7882915B357D400F0FD4F /* NoAnimSegue.m */; };
		97E7882E15B3712A00F0FD4F /* DashboardViewController.m in Sources */ = {isa = PBXBuildFile; fileRef = 97E7882D15B3712A00F0FD4F /* DashboardViewController.m */; };
		97E7883415B4606B00F0FD4F /* FBRequestBlockDelegate.m in Sources */ = {isa = PBXBuildFile; fileRef = 97E7883315B4606B00F0FD4F /* FBRequestBlockDelegate.m */; };
		97E7883815B84C3000F0FD4F /* ControllerHelper.m in Sources */ = {isa = PBXBuildFile; fileRef = 97E7883715B84C3000F0FD4F /* ControllerHelper.m */; };
		97E7885515B9EB3F00F0FD4F /* RegisterViewController.m in Sources */ = {isa = PBXBuildFile; fileRef = 97E7885415B9EB3E00F0FD4F /* RegisterViewController.m */; };
		97F42E6D15A3428000EACD05 /* UIKit.framework in Frameworks */ = {isa = PBXBuildFile; fileRef = 97F42E6C15A3428000EACD05 /* UIKit.framework */; };
		97F42E6F15A3428000EACD05 /* Foundation.framework in Frameworks */ = {isa = PBXBuildFile; fileRef = 97F42E6E15A3428000EACD05 /* Foundation.framework */; };
		97F42E7115A3428000EACD05 /* CoreGraphics.framework in Frameworks */ = {isa = PBXBuildFile; fileRef = 97F42E7015A3428000EACD05 /* CoreGraphics.framework */; };
		97F42E7715A3428000EACD05 /* InfoPlist.strings in Resources */ = {isa = PBXBuildFile; fileRef = 97F42E7515A3428000EACD05 /* InfoPlist.strings */; };
		97F42E7915A3428000EACD05 /* main.m in Sources */ = {isa = PBXBuildFile; fileRef = 97F42E7815A3428000EACD05 /* main.m */; };
		97F42E7D15A3428000EACD05 /* AppDelegate.m in Sources */ = {isa = PBXBuildFile; fileRef = 97F42E7C15A3428000EACD05 /* AppDelegate.m */; };
		97F42E8015A3428000EACD05 /* MainStoryboard.storyboard in Resources */ = {isa = PBXBuildFile; fileRef = 97F42E7E15A3428000EACD05 /* MainStoryboard.storyboard */; };
		97F42E8315A3428000EACD05 /* SearchViewController.m in Sources */ = {isa = PBXBuildFile; fileRef = 97F42E8215A3428000EACD05 /* SearchViewController.m */; };
		97F42E8B15A3428000EACD05 /* SenTestingKit.framework in Frameworks */ = {isa = PBXBuildFile; fileRef = 97F42E8A15A3428000EACD05 /* SenTestingKit.framework */; };
		97F42E8C15A3428000EACD05 /* UIKit.framework in Frameworks */ = {isa = PBXBuildFile; fileRef = 97F42E6C15A3428000EACD05 /* UIKit.framework */; };
		97F42E8D15A3428000EACD05 /* Foundation.framework in Frameworks */ = {isa = PBXBuildFile; fileRef = 97F42E6E15A3428000EACD05 /* Foundation.framework */; };
		97F42E9515A3428000EACD05 /* InfoPlist.strings in Resources */ = {isa = PBXBuildFile; fileRef = 97F42E9315A3428000EACD05 /* InfoPlist.strings */; };
		97F42E9815A3428000EACD05 /* myGreatAppTests.m in Sources */ = {isa = PBXBuildFile; fileRef = 97F42E9715A3428000EACD05 /* myGreatAppTests.m */; };
		97F42EB215A4541D00EACD05 /* Localisation.m in Sources */ = {isa = PBXBuildFile; fileRef = 97F42EB115A4541D00EACD05 /* Localisation.m */; };
		97F42EB515A466FD00EACD05 /* DetailViewController.m in Sources */ = {isa = PBXBuildFile; fileRef = 97F42EB415A466FD00EACD05 /* DetailViewController.m */; };
		97F42EB815A4789F00EACD05 /* ResultItemCell.m in Sources */ = {isa = PBXBuildFile; fileRef = 97F42EB715A4789F00EACD05 /* ResultItemCell.m */; };
		97F42EF715A4BD3100EACD05 /* CFNetwork.framework in Frameworks */ = {isa = PBXBuildFile; fileRef = 97F42EF615A4BD3100EACD05 /* CFNetwork.framework */; };
		97F42EF915A4BE4200EACD05 /* SystemConfiguration.framework in Frameworks */ = {isa = PBXBuildFile; fileRef = 97F42EF815A4BE4200EACD05 /* SystemConfiguration.framework */; };
		97F8157015AECB09008DEB30 /* SelectSearchViewController.m in Sources */ = {isa = PBXBuildFile; fileRef = 97F8156F15AECB09008DEB30 /* SelectSearchViewController.m */; };
		97F8157415AECB79008DEB30 /* SearchCriteria.m in Sources */ = {isa = PBXBuildFile; fileRef = 97F8157315AECB79008DEB30 /* SearchCriteria.m */; };
		97F8157715AEDC45008DEB30 /* header.png in Resources */ = {isa = PBXBuildFile; fileRef = 97F8157615AEDC45008DEB30 /* header.png */; };
		97F8157915AEDC5A008DEB30 /* logo2.png in Resources */ = {isa = PBXBuildFile; fileRef = 97F8157815AEDC5A008DEB30 /* logo2.png */; };
		97F815CB15AF1DAD008DEB30 /* FBDialog.bundle in Resources */ = {isa = PBXBuildFile; fileRef = 97F815BE15AF1DAD008DEB30 /* FBDialog.bundle */; };
		97F815CC15AF1DAD008DEB30 /* libfacebook_ios_sdk.a in Frameworks */ = {isa = PBXBuildFile; fileRef = 97F815C415AF1DAD008DEB30 /* libfacebook_ios_sdk.a */; };
/* End PBXBuildFile section */

/* Begin PBXContainerItemProxy section */
		97F42E8E15A3428000EACD05 /* PBXContainerItemProxy */ = {
			isa = PBXContainerItemProxy;
			containerPortal = 97F42E5F15A3428000EACD05 /* Project object */;
			proxyType = 1;
			remoteGlobalIDString = 97F42E6715A3428000EACD05;
			remoteInfo = myGreatApp;
		};
/* End PBXContainerItemProxy section */

/* Begin PBXFileReference section */
		97027EA615AB238E00466D8E /* ResultViewController.h */ = {isa = PBXFileReference; fileEncoding = 4; lastKnownFileType = sourcecode.c.h; path = ResultViewController.h; sourceTree = "<group>"; };
		97027EA715AB238E00466D8E /* ResultViewController.m */ = {isa = PBXFileReference; fileEncoding = 4; lastKnownFileType = sourcecode.c.objc; path = ResultViewController.m; sourceTree = "<group>"; };
		974118FF15AF279C00939706 /* ProfilViewController.h */ = {isa = PBXFileReference; fileEncoding = 4; lastKnownFileType = sourcecode.c.h; path = ProfilViewController.h; sourceTree = "<group>"; };
		9741190015AF279C00939706 /* ProfilViewController.m */ = {isa = PBXFileReference; fileEncoding = 4; lastKnownFileType = sourcecode.c.objc; path = ProfilViewController.m; sourceTree = "<group>"; };
		9741190315AF30FC00939706 /* FBConnect.bundle */ = {isa = PBXFileReference; lastKnownFileType = "wrapper.plug-in"; path = FBConnect.bundle; sourceTree = "<group>"; };
		9741190515AF41B400939706 /* LoginViewController.h */ = {isa = PBXFileReference; fileEncoding = 4; lastKnownFileType = sourcecode.c.h; path = LoginViewController.h; sourceTree = "<group>"; };
		9741190615AF41B400939706 /* LoginViewController.m */ = {isa = PBXFileReference; fileEncoding = 4; lastKnownFileType = sourcecode.c.objc; path = LoginViewController.m; sourceTree = "<group>"; };
		9741190815AF48A400939706 /* LoginSession.h */ = {isa = PBXFileReference; fileEncoding = 4; lastKnownFileType = sourcecode.c.h; path = LoginSession.h; sourceTree = "<group>"; };
		9741190915AF48A400939706 /* LoginSession.m */ = {isa = PBXFileReference; fileEncoding = 4; lastKnownFileType = sourcecode.c.objc; path = LoginSession.m; sourceTree = "<group>"; };
		9780D0A415A4C54F00311B30 /* Security.framework */ = {isa = PBXFileReference; lastKnownFileType = wrapper.framework; name = Security.framework; path = System/Library/Frameworks/Security.framework; sourceTree = SDKROOT; };
		9780D0C815A7182C00311B30 /* LocalisationEngine.h */ = {isa = PBXFileReference; fileEncoding = 4; lastKnownFileType = sourcecode.c.h; path = LocalisationEngine.h; sourceTree = "<group>"; };
		9780D0C915A7182C00311B30 /* LocalisationEngine.m */ = {isa = PBXFileReference; fileEncoding = 4; lastKnownFileType = sourcecode.c.objc; path = LocalisationEngine.m; sourceTree = "<group>"; };
		9780D10715A88F5F00311B30 /* MapKit.framework */ = {isa = PBXFileReference; lastKnownFileType = wrapper.framework; name = MapKit.framework; path = System/Library/Frameworks/MapKit.framework; sourceTree = SDKROOT; };
		9780D10C15A8A2CA00311B30 /* CoreLocation.framework */ = {isa = PBXFileReference; lastKnownFileType = wrapper.framework; name = CoreLocation.framework; path = System/Library/Frameworks/CoreLocation.framework; sourceTree = SDKROOT; };
		9780D10E15A8BDDF00311B30 /* LocalisationAnnotation.h */ = {isa = PBXFileReference; fileEncoding = 4; lastKnownFileType = sourcecode.c.h; path = LocalisationAnnotation.h; sourceTree = "<group>"; };
		9780D10F15A8BDE000311B30 /* LocalisationAnnotation.m */ = {isa = PBXFileReference; fileEncoding = 4; lastKnownFileType = sourcecode.c.objc; path = LocalisationAnnotation.m; sourceTree = "<group>"; };
		9780D14D15A8E18D00311B30 /* Jastor.h */ = {isa = PBXFileReference; fileEncoding = 4; lastKnownFileType = sourcecode.c.h; path = Jastor.h; sourceTree = "<group>"; };
		9780D14E15A8E18D00311B30 /* Jastor.m */ = {isa = PBXFileReference; fileEncoding = 4; lastKnownFileType = sourcecode.c.objc; path = Jastor.m; sourceTree = "<group>"; };
		9780D14F15A8E18D00311B30 /* JastorRuntimeHelper.h */ = {isa = PBXFileReference; fileEncoding = 4; lastKnownFileType = sourcecode.c.h; path = JastorRuntimeHelper.h; sourceTree = "<group>"; };
		9780D15015A8E18D00311B30 /* JastorRuntimeHelper.m */ = {isa = PBXFileReference; fileEncoding = 4; lastKnownFileType = sourcecode.c.objc; path = JastorRuntimeHelper.m; sourceTree = "<group>"; };
		9780D15515A8E30D00311B30 /* NSAlert+MKNetworkKitAdditions.h */ = {isa = PBXFileReference; fileEncoding = 4; lastKnownFileType = sourcecode.c.h; path = "NSAlert+MKNetworkKitAdditions.h"; sourceTree = "<group>"; };
		9780D15615A8E30D00311B30 /* NSAlert+MKNetworkKitAdditions.m */ = {isa = PBXFileReference; fileEncoding = 4; lastKnownFileType = sourcecode.c.objc; path = "NSAlert+MKNetworkKitAdditions.m"; sourceTree = "<group>"; };
		9780D15715A8E30D00311B30 /* NSData+Base64.h */ = {isa = PBXFileReference; fileEncoding = 4; lastKnownFileType = sourcecode.c.h; path = "NSData+Base64.h"; sourceTree = "<group>"; };
		9780D15815A8E30D00311B30 /* NSData+Base64.m */ = {isa = PBXFileReference; fileEncoding = 4; lastKnownFileType = sourcecode.c.objc; path = "NSData+Base64.m"; sourceTree = "<group>"; };
		9780D15915A8E30D00311B30 /* NSDate+RFC1123.h */ = {isa = PBXFileReference; fileEncoding = 4; lastKnownFileType = sourcecode.c.h; path = "NSDate+RFC1123.h"; sourceTree = "<group>"; };
		9780D15A15A8E30D00311B30 /* NSDate+RFC1123.m */ = {isa = PBXFileReference; fileEncoding = 4; lastKnownFileType = sourcecode.c.objc; path = "NSDate+RFC1123.m"; sourceTree = "<group>"; };
		9780D15B15A8E30D00311B30 /* NSDictionary+RequestEncoding.h */ = {isa = PBXFileReference; fileEncoding = 4; lastKnownFileType = sourcecode.c.h; path = "NSDictionary+RequestEncoding.h"; sourceTree = "<group>"; };
		9780D15C15A8E30D00311B30 /* NSDictionary+RequestEncoding.m */ = {isa = PBXFileReference; fileEncoding = 4; lastKnownFileType = sourcecode.c.objc; path = "NSDictionary+RequestEncoding.m"; sourceTree = "<group>"; };
		9780D15D15A8E30D00311B30 /* NSString+MKNetworkKitAdditions.h */ = {isa = PBXFileReference; fileEncoding = 4; lastKnownFileType = sourcecode.c.h; path = "NSString+MKNetworkKitAdditions.h"; sourceTree = "<group>"; };
		9780D15E15A8E30D00311B30 /* NSString+MKNetworkKitAdditions.m */ = {isa = PBXFileReference; fileEncoding = 4; lastKnownFileType = sourcecode.c.objc; path = "NSString+MKNetworkKitAdditions.m"; sourceTree = "<group>"; };
		9780D15F15A8E30D00311B30 /* UIAlertView+MKNetworkKitAdditions.h */ = {isa = PBXFileReference; fileEncoding = 4; lastKnownFileType = sourcecode.c.h; path = "UIAlertView+MKNetworkKitAdditions.h"; sourceTree = "<group>"; };
		9780D16015A8E30D00311B30 /* UIAlertView+MKNetworkKitAdditions.m */ = {isa = PBXFileReference; fileEncoding = 4; lastKnownFileType = sourcecode.c.objc; path = "UIAlertView+MKNetworkKitAdditions.m"; sourceTree = "<group>"; };
		9780D16115A8E30D00311B30 /* MKNetworkEngine.h */ = {isa = PBXFileReference; fileEncoding = 4; lastKnownFileType = sourcecode.c.h; path = MKNetworkEngine.h; sourceTree = "<group>"; };
		9780D16215A8E30D00311B30 /* MKNetworkEngine.m */ = {isa = PBXFileReference; fileEncoding = 4; lastKnownFileType = sourcecode.c.objc; path = MKNetworkEngine.m; sourceTree = "<group>"; };
		9780D16315A8E30D00311B30 /* MKNetworkKit.h */ = {isa = PBXFileReference; fileEncoding = 4; lastKnownFileType = sourcecode.c.h; path = MKNetworkKit.h; sourceTree = "<group>"; };
		9780D16415A8E30D00311B30 /* MKNetworkOperation.h */ = {isa = PBXFileReference; fileEncoding = 4; lastKnownFileType = sourcecode.c.h; path = MKNetworkOperation.h; sourceTree = "<group>"; };
		9780D16515A8E30D00311B30 /* MKNetworkOperation.m */ = {isa = PBXFileReference; fileEncoding = 4; lastKnownFileType = sourcecode.c.objc; path = MKNetworkOperation.m; sourceTree = "<group>"; };
		9780D16715A8E30D00311B30 /* Reachability.h */ = {isa = PBXFileReference; fileEncoding = 4; lastKnownFileType = sourcecode.c.h; path = Reachability.h; sourceTree = "<group>"; };
		9780D16815A8E30D00311B30 /* Reachability.m */ = {isa = PBXFileReference; fileEncoding = 4; lastKnownFileType = sourcecode.c.objc; path = Reachability.m; sourceTree = "<group>"; };
		97E7882815B357D400F0FD4F /* NoAnimSegue.h */ = {isa = PBXFileReference; fileEncoding = 4; lastKnownFileType = sourcecode.c.h; path = NoAnimSegue.h; sourceTree = "<group>"; };
		97E7882915B357D400F0FD4F /* NoAnimSegue.m */ = {isa = PBXFileReference; fileEncoding = 4; lastKnownFileType = sourcecode.c.objc; path = NoAnimSegue.m; sourceTree = "<group>"; };
		97E7882C15B3712A00F0FD4F /* DashboardViewController.h */ = {isa = PBXFileReference; fileEncoding = 4; lastKnownFileType = sourcecode.c.h; path = DashboardViewController.h; sourceTree = "<group>"; };
		97E7882D15B3712A00F0FD4F /* DashboardViewController.m */ = {isa = PBXFileReference; fileEncoding = 4; lastKnownFileType = sourcecode.c.objc; path = DashboardViewController.m; sourceTree = "<group>"; };
		97E7883215B4606B00F0FD4F /* FBRequestBlockDelegate.h */ = {isa = PBXFileReference; fileEncoding = 4; lastKnownFileType = sourcecode.c.h; path = FBRequestBlockDelegate.h; sourceTree = "<group>"; };
		97E7883315B4606B00F0FD4F /* FBRequestBlockDelegate.m */ = {isa = PBXFileReference; fileEncoding = 4; lastKnownFileType = sourcecode.c.objc; path = FBRequestBlockDelegate.m; sourceTree = "<group>"; };
		97E7883615B84C3000F0FD4F /* ControllerHelper.h */ = {isa = PBXFileReference; fileEncoding = 4; lastKnownFileType = sourcecode.c.h; path = ControllerHelper.h; sourceTree = "<group>"; };
		97E7883715B84C3000F0FD4F /* ControllerHelper.m */ = {isa = PBXFileReference; fileEncoding = 4; lastKnownFileType = sourcecode.c.objc; path = ControllerHelper.m; sourceTree = "<group>"; };
		97E7885315B9EB3C00F0FD4F /* RegisterViewController.h */ = {isa = PBXFileReference; fileEncoding = 4; lastKnownFileType = sourcecode.c.h; path = RegisterViewController.h; sourceTree = "<group>"; };
		97E7885415B9EB3E00F0FD4F /* RegisterViewController.m */ = {isa = PBXFileReference; fileEncoding = 4; lastKnownFileType = sourcecode.c.objc; path = RegisterViewController.m; sourceTree = "<group>"; };
		97F42E6815A3428000EACD05 /* myGreatApp.app */ = {isa = PBXFileReference; explicitFileType = wrapper.application; includeInIndex = 0; path = myGreatApp.app; sourceTree = BUILT_PRODUCTS_DIR; };
		97F42E6C15A3428000EACD05 /* UIKit.framework */ = {isa = PBXFileReference; lastKnownFileType = wrapper.framework; name = UIKit.framework; path = System/Library/Frameworks/UIKit.framework; sourceTree = SDKROOT; };
		97F42E6E15A3428000EACD05 /* Foundation.framework */ = {isa = PBXFileReference; lastKnownFileType = wrapper.framework; name = Foundation.framework; path = System/Library/Frameworks/Foundation.framework; sourceTree = SDKROOT; };
		97F42E7015A3428000EACD05 /* CoreGraphics.framework */ = {isa = PBXFileReference; lastKnownFileType = wrapper.framework; name = CoreGraphics.framework; path = System/Library/Frameworks/CoreGraphics.framework; sourceTree = SDKROOT; };
		97F42E7415A3428000EACD05 /* myGreatApp-Info.plist */ = {isa = PBXFileReference; lastKnownFileType = text.plist.xml; path = "myGreatApp-Info.plist"; sourceTree = "<group>"; };
		97F42E7615A3428000EACD05 /* en */ = {isa = PBXFileReference; lastKnownFileType = text.plist.strings; name = en; path = en.lproj/InfoPlist.strings; sourceTree = "<group>"; };
		97F42E7815A3428000EACD05 /* main.m */ = {isa = PBXFileReference; lastKnownFileType = sourcecode.c.objc; path = main.m; sourceTree = "<group>"; };
		97F42E7A15A3428000EACD05 /* myGreatApp-Prefix.pch */ = {isa = PBXFileReference; lastKnownFileType = sourcecode.c.h; path = "myGreatApp-Prefix.pch"; sourceTree = "<group>"; };
		97F42E7B15A3428000EACD05 /* AppDelegate.h */ = {isa = PBXFileReference; lastKnownFileType = sourcecode.c.h; path = AppDelegate.h; sourceTree = "<group>"; };
		97F42E7C15A3428000EACD05 /* AppDelegate.m */ = {isa = PBXFileReference; lastKnownFileType = sourcecode.c.objc; path = AppDelegate.m; sourceTree = "<group>"; };
		97F42E7F15A3428000EACD05 /* en */ = {isa = PBXFileReference; lastKnownFileType = file.storyboard; name = en; path = en.lproj/MainStoryboard.storyboard; sourceTree = "<group>"; };
		97F42E8115A3428000EACD05 /* SearchViewController.h */ = {isa = PBXFileReference; lastKnownFileType = sourcecode.c.h; path = SearchViewController.h; sourceTree = "<group>"; };
		97F42E8215A3428000EACD05 /* SearchViewController.m */ = {isa = PBXFileReference; lastKnownFileType = sourcecode.c.objc; path = SearchViewController.m; sourceTree = "<group>"; };
		97F42E8915A3428000EACD05 /* myGreatAppTests.octest */ = {isa = PBXFileReference; explicitFileType = wrapper.cfbundle; includeInIndex = 0; path = myGreatAppTests.octest; sourceTree = BUILT_PRODUCTS_DIR; };
		97F42E8A15A3428000EACD05 /* SenTestingKit.framework */ = {isa = PBXFileReference; lastKnownFileType = wrapper.framework; name = SenTestingKit.framework; path = Library/Frameworks/SenTestingKit.framework; sourceTree = DEVELOPER_DIR; };
		97F42E9215A3428000EACD05 /* myGreatAppTests-Info.plist */ = {isa = PBXFileReference; lastKnownFileType = text.plist.xml; path = "myGreatAppTests-Info.plist"; sourceTree = "<group>"; };
		97F42E9415A3428000EACD05 /* en */ = {isa = PBXFileReference; lastKnownFileType = text.plist.strings; name = en; path = en.lproj/InfoPlist.strings; sourceTree = "<group>"; };
		97F42E9615A3428000EACD05 /* myGreatAppTests.h */ = {isa = PBXFileReference; lastKnownFileType = sourcecode.c.h; path = myGreatAppTests.h; sourceTree = "<group>"; };
		97F42E9715A3428000EACD05 /* myGreatAppTests.m */ = {isa = PBXFileReference; lastKnownFileType = sourcecode.c.objc; path = myGreatAppTests.m; sourceTree = "<group>"; };
		97F42EB015A4541D00EACD05 /* Localisation.h */ = {isa = PBXFileReference; fileEncoding = 4; lastKnownFileType = sourcecode.c.h; path = Localisation.h; sourceTree = "<group>"; };
		97F42EB115A4541D00EACD05 /* Localisation.m */ = {isa = PBXFileReference; fileEncoding = 4; lastKnownFileType = sourcecode.c.objc; path = Localisation.m; sourceTree = "<group>"; };
		97F42EB315A466FD00EACD05 /* DetailViewController.h */ = {isa = PBXFileReference; fileEncoding = 4; lastKnownFileType = sourcecode.c.h; path = DetailViewController.h; sourceTree = "<group>"; };
		97F42EB415A466FD00EACD05 /* DetailViewController.m */ = {isa = PBXFileReference; fileEncoding = 4; lastKnownFileType = sourcecode.c.objc; path = DetailViewController.m; sourceTree = "<group>"; };
		97F42EB615A4789F00EACD05 /* ResultItemCell.h */ = {isa = PBXFileReference; fileEncoding = 4; lastKnownFileType = sourcecode.c.h; path = ResultItemCell.h; sourceTree = "<group>"; };
		97F42EB715A4789F00EACD05 /* ResultItemCell.m */ = {isa = PBXFileReference; fileEncoding = 4; lastKnownFileType = sourcecode.c.objc; path = ResultItemCell.m; sourceTree = "<group>"; };
		97F42EF615A4BD3100EACD05 /* CFNetwork.framework */ = {isa = PBXFileReference; lastKnownFileType = wrapper.framework; name = CFNetwork.framework; path = System/Library/Frameworks/CFNetwork.framework; sourceTree = SDKROOT; };
		97F42EF815A4BE4200EACD05 /* SystemConfiguration.framework */ = {isa = PBXFileReference; lastKnownFileType = wrapper.framework; name = SystemConfiguration.framework; path = System/Library/Frameworks/SystemConfiguration.framework; sourceTree = SDKROOT; };
		97F8156E15AECB09008DEB30 /* SelectSearchViewController.h */ = {isa = PBXFileReference; fileEncoding = 4; lastKnownFileType = sourcecode.c.h; path = SelectSearchViewController.h; sourceTree = "<group>"; };
		97F8156F15AECB09008DEB30 /* SelectSearchViewController.m */ = {isa = PBXFileReference; fileEncoding = 4; lastKnownFileType = sourcecode.c.objc; path = SelectSearchViewController.m; sourceTree = "<group>"; };
		97F8157215AECB79008DEB30 /* SearchCriteria.h */ = {isa = PBXFileReference; fileEncoding = 4; lastKnownFileType = sourcecode.c.h; path = SearchCriteria.h; sourceTree = "<group>"; };
		97F8157315AECB79008DEB30 /* SearchCriteria.m */ = {isa = PBXFileReference; fileEncoding = 4; lastKnownFileType = sourcecode.c.objc; path = SearchCriteria.m; sourceTree = "<group>"; };
		97F8157615AEDC45008DEB30 /* header.png */ = {isa = PBXFileReference; lastKnownFileType = image.png; path = header.png; sourceTree = "<group>"; };
		97F8157815AEDC5A008DEB30 /* logo2.png */ = {isa = PBXFileReference; lastKnownFileType = image.png; path = logo2.png; sourceTree = "<group>"; };
		97F815BC15AF1DAD008DEB30 /* Facebook.h */ = {isa = PBXFileReference; fileEncoding = 4; lastKnownFileType = sourcecode.c.h; path = Facebook.h; sourceTree = "<group>"; };
		97F815BD15AF1DAD008DEB30 /* FBConnect.h */ = {isa = PBXFileReference; fileEncoding = 4; lastKnownFileType = sourcecode.c.h; path = FBConnect.h; sourceTree = "<group>"; };
		97F815BE15AF1DAD008DEB30 /* FBDialog.bundle */ = {isa = PBXFileReference; lastKnownFileType = "wrapper.plug-in"; path = FBDialog.bundle; sourceTree = "<group>"; };
		97F815BF15AF1DAD008DEB30 /* FBDialog.h */ = {isa = PBXFileReference; fileEncoding = 4; lastKnownFileType = sourcecode.c.h; path = FBDialog.h; sourceTree = "<group>"; };
		97F815C015AF1DAD008DEB30 /* FBFrictionlessRequestSettings.h */ = {isa = PBXFileReference; fileEncoding = 4; lastKnownFileType = sourcecode.c.h; path = FBFrictionlessRequestSettings.h; sourceTree = "<group>"; };
		97F815C115AF1DAD008DEB30 /* FBLoginDialog.h */ = {isa = PBXFileReference; fileEncoding = 4; lastKnownFileType = sourcecode.c.h; path = FBLoginDialog.h; sourceTree = "<group>"; };
		97F815C215AF1DAD008DEB30 /* FBRequest.h */ = {isa = PBXFileReference; fileEncoding = 4; lastKnownFileType = sourcecode.c.h; path = FBRequest.h; sourceTree = "<group>"; };
		97F815C315AF1DAD008DEB30 /* JSON.h */ = {isa = PBXFileReference; fileEncoding = 4; lastKnownFileType = sourcecode.c.h; path = JSON.h; sourceTree = "<group>"; };
		97F815C415AF1DAD008DEB30 /* libfacebook_ios_sdk.a */ = {isa = PBXFileReference; lastKnownFileType = archive.ar; path = libfacebook_ios_sdk.a; sourceTree = "<group>"; };
		97F815C515AF1DAD008DEB30 /* NSObject+SBJSON.h */ = {isa = PBXFileReference; fileEncoding = 4; lastKnownFileType = sourcecode.c.h; path = "NSObject+SBJSON.h"; sourceTree = "<group>"; };
		97F815C615AF1DAD008DEB30 /* NSString+SBJSON.h */ = {isa = PBXFileReference; fileEncoding = 4; lastKnownFileType = sourcecode.c.h; path = "NSString+SBJSON.h"; sourceTree = "<group>"; };
		97F815C715AF1DAD008DEB30 /* SBJSON.h */ = {isa = PBXFileReference; fileEncoding = 4; lastKnownFileType = sourcecode.c.h; path = SBJSON.h; sourceTree = "<group>"; };
		97F815C815AF1DAD008DEB30 /* SBJsonBase.h */ = {isa = PBXFileReference; fileEncoding = 4; lastKnownFileType = sourcecode.c.h; path = SBJsonBase.h; sourceTree = "<group>"; };
		97F815C915AF1DAD008DEB30 /* SBJsonParser.h */ = {isa = PBXFileReference; fileEncoding = 4; lastKnownFileType = sourcecode.c.h; path = SBJsonParser.h; sourceTree = "<group>"; };
		97F815CA15AF1DAD008DEB30 /* SBJsonWriter.h */ = {isa = PBXFileReference; fileEncoding = 4; lastKnownFileType = sourcecode.c.h; path = SBJsonWriter.h; sourceTree = "<group>"; };
/* End PBXFileReference section */

/* Begin PBXFrameworksBuildPhase section */
		97F42E6515A3428000EACD05 /* Frameworks */ = {
			isa = PBXFrameworksBuildPhase;
			buildActionMask = 2147483647;
			files = (
				9780D10D15A8A2CB00311B30 /* CoreLocation.framework in Frameworks */,
				9780D10815A88F6000311B30 /* MapKit.framework in Frameworks */,
				9780D0A515A4C54F00311B30 /* Security.framework in Frameworks */,
				97F42EF915A4BE4200EACD05 /* SystemConfiguration.framework in Frameworks */,
				97F42EF715A4BD3100EACD05 /* CFNetwork.framework in Frameworks */,
				97F42E6D15A3428000EACD05 /* UIKit.framework in Frameworks */,
				97F42E6F15A3428000EACD05 /* Foundation.framework in Frameworks */,
				97F42E7115A3428000EACD05 /* CoreGraphics.framework in Frameworks */,
				97F815CC15AF1DAD008DEB30 /* libfacebook_ios_sdk.a in Frameworks */,
			);
			runOnlyForDeploymentPostprocessing = 0;
		};
		97F42E8515A3428000EACD05 /* Frameworks */ = {
			isa = PBXFrameworksBuildPhase;
			buildActionMask = 2147483647;
			files = (
				97F42E8B15A3428000EACD05 /* SenTestingKit.framework in Frameworks */,
				97F42E8C15A3428000EACD05 /* UIKit.framework in Frameworks */,
				97F42E8D15A3428000EACD05 /* Foundation.framework in Frameworks */,
			);
			runOnlyForDeploymentPostprocessing = 0;
		};
/* End PBXFrameworksBuildPhase section */

/* Begin PBXGroup section */
		9780D14B15A8E18C00311B30 /* Libraries */ = {
			isa = PBXGroup;
			children = (
				97F815BB15AF1DAD008DEB30 /* facebook-ios-sdk */,
				9780D15315A8E30D00311B30 /* MKNetworkKit */,
				9780D14C15A8E18D00311B30 /* Jastor */,
			);
			path = Libraries;
			sourceTree = "<group>";
		};
		9780D14C15A8E18D00311B30 /* Jastor */ = {
			isa = PBXGroup;
			children = (
				9780D14D15A8E18D00311B30 /* Jastor.h */,
				9780D14E15A8E18D00311B30 /* Jastor.m */,
				9780D14F15A8E18D00311B30 /* JastorRuntimeHelper.h */,
				9780D15015A8E18D00311B30 /* JastorRuntimeHelper.m */,
			);
			path = Jastor;
			sourceTree = "<group>";
		};
		9780D15315A8E30D00311B30 /* MKNetworkKit */ = {
			isa = PBXGroup;
			children = (
				9780D15415A8E30D00311B30 /* Categories */,
				9780D16115A8E30D00311B30 /* MKNetworkEngine.h */,
				9780D16215A8E30D00311B30 /* MKNetworkEngine.m */,
				9780D16315A8E30D00311B30 /* MKNetworkKit.h */,
				9780D16415A8E30D00311B30 /* MKNetworkOperation.h */,
				9780D16515A8E30D00311B30 /* MKNetworkOperation.m */,
				9780D16615A8E30D00311B30 /* Reachability */,
			);
			path = MKNetworkKit;
			sourceTree = "<group>";
		};
		9780D15415A8E30D00311B30 /* Categories */ = {
			isa = PBXGroup;
			children = (
				9780D15515A8E30D00311B30 /* NSAlert+MKNetworkKitAdditions.h */,
				9780D15615A8E30D00311B30 /* NSAlert+MKNetworkKitAdditions.m */,
				9780D15715A8E30D00311B30 /* NSData+Base64.h */,
				9780D15815A8E30D00311B30 /* NSData+Base64.m */,
				9780D15915A8E30D00311B30 /* NSDate+RFC1123.h */,
				9780D15A15A8E30D00311B30 /* NSDate+RFC1123.m */,
				9780D15B15A8E30D00311B30 /* NSDictionary+RequestEncoding.h */,
				9780D15C15A8E30D00311B30 /* NSDictionary+RequestEncoding.m */,
				9780D15D15A8E30D00311B30 /* NSString+MKNetworkKitAdditions.h */,
				9780D15E15A8E30D00311B30 /* NSString+MKNetworkKitAdditions.m */,
				9780D15F15A8E30D00311B30 /* UIAlertView+MKNetworkKitAdditions.h */,
				9780D16015A8E30D00311B30 /* UIAlertView+MKNetworkKitAdditions.m */,
			);
			path = Categories;
			sourceTree = "<group>";
		};
		9780D16615A8E30D00311B30 /* Reachability */ = {
			isa = PBXGroup;
			children = (
				9780D16715A8E30D00311B30 /* Reachability.h */,
				9780D16815A8E30D00311B30 /* Reachability.m */,
			);
			path = Reachability;
			sourceTree = "<group>";
		};
		97E7883515B84C0600F0FD4F /* Helpers */ = {
			isa = PBXGroup;
			children = (
				97E7883615B84C3000F0FD4F /* ControllerHelper.h */,
				97E7883715B84C3000F0FD4F /* ControllerHelper.m */,
			);
			name = Helpers;
			sourceTree = "<group>";
		};
		97F42E5D15A3428000EACD05 = {
			isa = PBXGroup;
			children = (
				97F8157515AEDA4B008DEB30 /* Resources */,
				97F42E7215A3428000EACD05 /* myGreatApp */,
				97F42E9015A3428000EACD05 /* myGreatAppTests */,
				97F42E6B15A3428000EACD05 /* Frameworks */,
				97F42E6915A3428000EACD05 /* Products */,
			);
			sourceTree = "<group>";
		};
		97F42E6915A3428000EACD05 /* Products */ = {
			isa = PBXGroup;
			children = (
				97F42E6815A3428000EACD05 /* myGreatApp.app */,
				97F42E8915A3428000EACD05 /* myGreatAppTests.octest */,
			);
			name = Products;
			sourceTree = "<group>";
		};
		97F42E6B15A3428000EACD05 /* Frameworks */ = {
			isa = PBXGroup;
			children = (
				9780D10C15A8A2CA00311B30 /* CoreLocation.framework */,
				9780D10715A88F5F00311B30 /* MapKit.framework */,
				9780D0A415A4C54F00311B30 /* Security.framework */,
				97F42EF815A4BE4200EACD05 /* SystemConfiguration.framework */,
				97F42EF615A4BD3100EACD05 /* CFNetwork.framework */,
				97F42E6C15A3428000EACD05 /* UIKit.framework */,
				97F42E6E15A3428000EACD05 /* Foundation.framework */,
				97F42E7015A3428000EACD05 /* CoreGraphics.framework */,
				97F42E8A15A3428000EACD05 /* SenTestingKit.framework */,
			);
			name = Frameworks;
			sourceTree = "<group>";
		};
		97F42E7215A3428000EACD05 /* myGreatApp */ = {
			isa = PBXGroup;
			children = (
				97E7883515B84C0600F0FD4F /* Helpers */,
				97F8158015AEF6A0008DEB30 /* Model */,
				97F8158215AEF6BD008DEB30 /* Controls */,
				97F42E7B15A3428000EACD05 /* AppDelegate.h */,
				97F42E7C15A3428000EACD05 /* AppDelegate.m */,
				97F42E7E15A3428000EACD05 /* MainStoryboard.storyboard */,
				974118FF15AF279C00939706 /* ProfilViewController.h */,
				9741190015AF279C00939706 /* ProfilViewController.m */,
				9741190515AF41B400939706 /* LoginViewController.h */,
				9741190615AF41B400939706 /* LoginViewController.m */,
				97E7885315B9EB3C00F0FD4F /* RegisterViewController.h */,
				97E7885415B9EB3E00F0FD4F /* RegisterViewController.m */,
				97E7882C15B3712A00F0FD4F /* DashboardViewController.h */,
				97E7882D15B3712A00F0FD4F /* DashboardViewController.m */,
				97F42E8115A3428000EACD05 /* SearchViewController.h */,
				97F42E8215A3428000EACD05 /* SearchViewController.m */,
				97F8156E15AECB09008DEB30 /* SelectSearchViewController.h */,
				97F8156F15AECB09008DEB30 /* SelectSearchViewController.m */,
				97027EA615AB238E00466D8E /* ResultViewController.h */,
				97027EA715AB238E00466D8E /* ResultViewController.m */,
				97F42EB315A466FD00EACD05 /* DetailViewController.h */,
				97F42EB415A466FD00EACD05 /* DetailViewController.m */,
				9780D14B15A8E18C00311B30 /* Libraries */,
				97F42E7315A3428000EACD05 /* Supporting Files */,
			);
			path = myGreatApp;
			sourceTree = "<group>";
		};
		97F42E7315A3428000EACD05 /* Supporting Files */ = {
			isa = PBXGroup;
			children = (
				97F42E7415A3428000EACD05 /* myGreatApp-Info.plist */,
				97F42E7515A3428000EACD05 /* InfoPlist.strings */,
				97F42E7815A3428000EACD05 /* main.m */,
				97F42E7A15A3428000EACD05 /* myGreatApp-Prefix.pch */,
			);
			name = "Supporting Files";
			sourceTree = "<group>";
		};
		97F42E9015A3428000EACD05 /* myGreatAppTests */ = {
			isa = PBXGroup;
			children = (
				97F42E9615A3428000EACD05 /* myGreatAppTests.h */,
				97F42E9715A3428000EACD05 /* myGreatAppTests.m */,
				97F42E9115A3428000EACD05 /* Supporting Files */,
			);
			path = myGreatAppTests;
			sourceTree = "<group>";
		};
		97F42E9115A3428000EACD05 /* Supporting Files */ = {
			isa = PBXGroup;
			children = (
				97F42E9215A3428000EACD05 /* myGreatAppTests-Info.plist */,
				97F42E9315A3428000EACD05 /* InfoPlist.strings */,
			);
			name = "Supporting Files";
			sourceTree = "<group>";
		};
		97F8157515AEDA4B008DEB30 /* Resources */ = {
			isa = PBXGroup;
			children = (
				97F8157815AEDC5A008DEB30 /* logo2.png */,
				97F8157615AEDC45008DEB30 /* header.png */,
			);
			name = Resources;
			sourceTree = "<group>";
		};
		97F8158015AEF6A0008DEB30 /* Model */ = {
			isa = PBXGroup;
			children = (
				97F42EB015A4541D00EACD05 /* Localisation.h */,
				97F42EB115A4541D00EACD05 /* Localisation.m */,
				97F8157215AECB79008DEB30 /* SearchCriteria.h */,
				97F8157315AECB79008DEB30 /* SearchCriteria.m */,
				97E7883215B4606B00F0FD4F /* FBRequestBlockDelegate.h */,
				97E7883315B4606B00F0FD4F /* FBRequestBlockDelegate.m */,
				9780D0C815A7182C00311B30 /* LocalisationEngine.h */,
				9780D0C915A7182C00311B30 /* LocalisationEngine.m */,
				9741190815AF48A400939706 /* LoginSession.h */,
				9741190915AF48A400939706 /* LoginSession.m */,
			);
			name = Model;
			sourceTree = "<group>";
		};
		97F8158215AEF6BD008DEB30 /* Controls */ = {
			isa = PBXGroup;
			children = (
				9780D10E15A8BDDF00311B30 /* LocalisationAnnotation.h */,
				9780D10F15A8BDE000311B30 /* LocalisationAnnotation.m */,
				97F42EB615A4789F00EACD05 /* ResultItemCell.h */,
				97F42EB715A4789F00EACD05 /* ResultItemCell.m */,
				97E7882815B357D400F0FD4F /* NoAnimSegue.h */,
				97E7882915B357D400F0FD4F /* NoAnimSegue.m */,
			);
			name = Controls;
			sourceTree = "<group>";
		};
		97F815BB15AF1DAD008DEB30 /* facebook-ios-sdk */ = {
			isa = PBXGroup;
			children = (
				9741190315AF30FC00939706 /* FBConnect.bundle */,
				97F815BC15AF1DAD008DEB30 /* Facebook.h */,
				97F815BD15AF1DAD008DEB30 /* FBConnect.h */,
				97F815BE15AF1DAD008DEB30 /* FBDialog.bundle */,
				97F815BF15AF1DAD008DEB30 /* FBDialog.h */,
				97F815C015AF1DAD008DEB30 /* FBFrictionlessRequestSettings.h */,
				97F815C115AF1DAD008DEB30 /* FBLoginDialog.h */,
				97F815C215AF1DAD008DEB30 /* FBRequest.h */,
				97F815C315AF1DAD008DEB30 /* JSON.h */,
				97F815C415AF1DAD008DEB30 /* libfacebook_ios_sdk.a */,
				97F815C515AF1DAD008DEB30 /* NSObject+SBJSON.h */,
				97F815C615AF1DAD008DEB30 /* NSString+SBJSON.h */,
				97F815C715AF1DAD008DEB30 /* SBJSON.h */,
				97F815C815AF1DAD008DEB30 /* SBJsonBase.h */,
				97F815C915AF1DAD008DEB30 /* SBJsonParser.h */,
				97F815CA15AF1DAD008DEB30 /* SBJsonWriter.h */,
			);
			path = "facebook-ios-sdk";
			sourceTree = "<group>";
		};
/* End PBXGroup section */

/* Begin PBXNativeTarget section */
		97F42E6715A3428000EACD05 /* myGreatApp */ = {
			isa = PBXNativeTarget;
			buildConfigurationList = 97F42E9B15A3428000EACD05 /* Build configuration list for PBXNativeTarget "myGreatApp" */;
			buildPhases = (
				97F42E6415A3428000EACD05 /* Sources */,
				97F42E6515A3428000EACD05 /* Frameworks */,
				97F42E6615A3428000EACD05 /* Resources */,
			);
			buildRules = (
			);
			dependencies = (
			);
			name = myGreatApp;
			productName = myGreatApp;
			productReference = 97F42E6815A3428000EACD05 /* myGreatApp.app */;
			productType = "com.apple.product-type.application";
		};
		97F42E8815A3428000EACD05 /* myGreatAppTests */ = {
			isa = PBXNativeTarget;
			buildConfigurationList = 97F42E9E15A3428000EACD05 /* Build configuration list for PBXNativeTarget "myGreatAppTests" */;
			buildPhases = (
				97F42E8415A3428000EACD05 /* Sources */,
				97F42E8515A3428000EACD05 /* Frameworks */,
				97F42E8615A3428000EACD05 /* Resources */,
				97F42E8715A3428000EACD05 /* ShellScript */,
			);
			buildRules = (
			);
			dependencies = (
				97F42E8F15A3428000EACD05 /* PBXTargetDependency */,
			);
			name = myGreatAppTests;
			productName = myGreatAppTests;
			productReference = 97F42E8915A3428000EACD05 /* myGreatAppTests.octest */;
			productType = "com.apple.product-type.bundle";
		};
/* End PBXNativeTarget section */

/* Begin PBXProject section */
		97F42E5F15A3428000EACD05 /* Project object */ = {
			isa = PBXProject;
			attributes = {
				LastUpgradeCheck = 0430;
			};
			buildConfigurationList = 97F42E6215A3428000EACD05 /* Build configuration list for PBXProject "myGreatApp" */;
			compatibilityVersion = "Xcode 3.2";
			developmentRegion = English;
			hasScannedForEncodings = 0;
			knownRegions = (
				en,
			);
			mainGroup = 97F42E5D15A3428000EACD05;
			productRefGroup = 97F42E6915A3428000EACD05 /* Products */;
			projectDirPath = "";
			projectRoot = "";
			targets = (
				97F42E6715A3428000EACD05 /* myGreatApp */,
				97F42E8815A3428000EACD05 /* myGreatAppTests */,
			);
		};
/* End PBXProject section */

/* Begin PBXResourcesBuildPhase section */
		97F42E6615A3428000EACD05 /* Resources */ = {
			isa = PBXResourcesBuildPhase;
			buildActionMask = 2147483647;
			files = (
				97F42E7715A3428000EACD05 /* InfoPlist.strings in Resources */,
				97F42E8015A3428000EACD05 /* MainStoryboard.storyboard in Resources */,
				97F8157715AEDC45008DEB30 /* header.png in Resources */,
				97F8157915AEDC5A008DEB30 /* logo2.png in Resources */,
				97F815CB15AF1DAD008DEB30 /* FBDialog.bundle in Resources */,
				9741190415AF30FC00939706 /* FBConnect.bundle in Resources */,
			);
			runOnlyForDeploymentPostprocessing = 0;
		};
		97F42E8615A3428000EACD05 /* Resources */ = {
			isa = PBXResourcesBuildPhase;
			buildActionMask = 2147483647;
			files = (
				97F42E9515A3428000EACD05 /* InfoPlist.strings in Resources */,
			);
			runOnlyForDeploymentPostprocessing = 0;
		};
/* End PBXResourcesBuildPhase section */

/* Begin PBXShellScriptBuildPhase section */
		97F42E8715A3428000EACD05 /* ShellScript */ = {
			isa = PBXShellScriptBuildPhase;
			buildActionMask = 2147483647;
			files = (
			);
			inputPaths = (
			);
			outputPaths = (
			);
			runOnlyForDeploymentPostprocessing = 0;
			shellPath = /bin/sh;
			shellScript = "# Run the unit tests in this test bundle.\n\"${SYSTEM_DEVELOPER_DIR}/Tools/RunUnitTests\"\n";
		};
/* End PBXShellScriptBuildPhase section */

/* Begin PBXSourcesBuildPhase section */
		97F42E6415A3428000EACD05 /* Sources */ = {
			isa = PBXSourcesBuildPhase;
			buildActionMask = 2147483647;
			files = (
				97F42E7915A3428000EACD05 /* main.m in Sources */,
				97F42E7D15A3428000EACD05 /* AppDelegate.m in Sources */,
				97F42E8315A3428000EACD05 /* SearchViewController.m in Sources */,
				97F42EB215A4541D00EACD05 /* Localisation.m in Sources */,
				97F42EB515A466FD00EACD05 /* DetailViewController.m in Sources */,
				97F42EB815A4789F00EACD05 /* ResultItemCell.m in Sources */,
				9780D0CA15A7182D00311B30 /* LocalisationEngine.m in Sources */,
				9780D11015A8BDE100311B30 /* LocalisationAnnotation.m in Sources */,
				9780D15115A8E18D00311B30 /* Jastor.m in Sources */,
				9780D15215A8E18D00311B30 /* JastorRuntimeHelper.m in Sources */,
				9780D16915A8E30D00311B30 /* NSAlert+MKNetworkKitAdditions.m in Sources */,
				9780D16A15A8E30D00311B30 /* NSData+Base64.m in Sources */,
				9780D16B15A8E30D00311B30 /* NSDate+RFC1123.m in Sources */,
				9780D16C15A8E30D00311B30 /* NSDictionary+RequestEncoding.m in Sources */,
				9780D16D15A8E30D00311B30 /* NSString+MKNetworkKitAdditions.m in Sources */,
				9780D16E15A8E30D00311B30 /* UIAlertView+MKNetworkKitAdditions.m in Sources */,
				9780D16F15A8E30D00311B30 /* MKNetworkEngine.m in Sources */,
				9780D17015A8E30D00311B30 /* MKNetworkOperation.m in Sources */,
				9780D17115A8E30D00311B30 /* Reachability.m in Sources */,
				97027EA815AB238F00466D8E /* ResultViewController.m in Sources */,
				97F8157015AECB09008DEB30 /* SelectSearchViewController.m in Sources */,
				97F8157415AECB79008DEB30 /* SearchCriteria.m in Sources */,
				9741190115AF279C00939706 /* ProfilViewController.m in Sources */,
				9741190715AF41B400939706 /* LoginViewController.m in Sources */,
				9741190A15AF48A400939706 /* LoginSession.m in Sources */,
				97E7882A15B357D400F0FD4F /* NoAnimSegue.m in Sources */,
				97E7882E15B3712A00F0FD4F /* DashboardViewController.m in Sources */,
				97E7883415B4606B00F0FD4F /* FBRequestBlockDelegate.m in Sources */,
				97E7883815B84C3000F0FD4F /* ControllerHelper.m in Sources */,
				97E7885515B9EB3F00F0FD4F /* RegisterViewController.m in Sources */,
			);
			runOnlyForDeploymentPostprocessing = 0;
		};
		97F42E8415A3428000EACD05 /* Sources */ = {
			isa = PBXSourcesBuildPhase;
			buildActionMask = 2147483647;
			files = (
				97F42E9815A3428000EACD05 /* myGreatAppTests.m in Sources */,
			);
			runOnlyForDeploymentPostprocessing = 0;
		};
/* End PBXSourcesBuildPhase section */

/* Begin PBXTargetDependency section */
		97F42E8F15A3428000EACD05 /* PBXTargetDependency */ = {
			isa = PBXTargetDependency;
			target = 97F42E6715A3428000EACD05 /* myGreatApp */;
			targetProxy = 97F42E8E15A3428000EACD05 /* PBXContainerItemProxy */;
		};
/* End PBXTargetDependency section */

/* Begin PBXVariantGroup section */
		97F42E7515A3428000EACD05 /* InfoPlist.strings */ = {
			isa = PBXVariantGroup;
			children = (
				97F42E7615A3428000EACD05 /* en */,
			);
			name = InfoPlist.strings;
			sourceTree = "<group>";
		};
		97F42E7E15A3428000EACD05 /* MainStoryboard.storyboard */ = {
			isa = PBXVariantGroup;
			children = (
				97F42E7F15A3428000EACD05 /* en */,
			);
			name = MainStoryboard.storyboard;
			sourceTree = "<group>";
		};
		97F42E9315A3428000EACD05 /* InfoPlist.strings */ = {
			isa = PBXVariantGroup;
			children = (
				97F42E9415A3428000EACD05 /* en */,
			);
			name = InfoPlist.strings;
			sourceTree = "<group>";
		};
/* End PBXVariantGroup section */

/* Begin XCBuildConfiguration section */
		97F42E9915A3428000EACD05 /* Debug */ = {
			isa = XCBuildConfiguration;
			buildSettings = {
				ALWAYS_SEARCH_USER_PATHS = NO;
				ARCHS = "$(ARCHS_STANDARD_32_BIT)";
				CLANG_ENABLE_OBJC_ARC = YES;
				"CODE_SIGN_IDENTITY[sdk=iphoneos*]" = "iPhone Developer";
				COPY_PHASE_STRIP = NO;
				GCC_C_LANGUAGE_STANDARD = gnu99;
				GCC_DYNAMIC_NO_PIC = NO;
				GCC_OPTIMIZATION_LEVEL = 0;
				GCC_PREPROCESSOR_DEFINITIONS = (
					"DEBUG=1",
					"$(inherited)",
				);
				GCC_SYMBOLS_PRIVATE_EXTERN = NO;
				GCC_VERSION = com.apple.compilers.llvm.clang.1_0;
				GCC_WARN_ABOUT_RETURN_TYPE = YES;
				GCC_WARN_UNINITIALIZED_AUTOS = YES;
				GCC_WARN_UNUSED_VARIABLE = YES;
				IPHONEOS_DEPLOYMENT_TARGET = 5.1;
				SDKROOT = iphoneos;
			};
			name = Debug;
		};
		97F42E9A15A3428000EACD05 /* Release */ = {
			isa = XCBuildConfiguration;
			buildSettings = {
				ALWAYS_SEARCH_USER_PATHS = NO;
				ARCHS = "$(ARCHS_STANDARD_32_BIT)";
				CLANG_ENABLE_OBJC_ARC = YES;
				"CODE_SIGN_IDENTITY[sdk=iphoneos*]" = "iPhone Developer";
				COPY_PHASE_STRIP = YES;
				GCC_C_LANGUAGE_STANDARD = gnu99;
				GCC_VERSION = com.apple.compilers.llvm.clang.1_0;
				GCC_WARN_ABOUT_RETURN_TYPE = YES;
				GCC_WARN_UNINITIALIZED_AUTOS = YES;
				GCC_WARN_UNUSED_VARIABLE = YES;
				IPHONEOS_DEPLOYMENT_TARGET = 5.1;
				OTHER_CFLAGS = "-DNS_BLOCK_ASSERTIONS=1";
				SDKROOT = iphoneos;
				VALIDATE_PRODUCT = YES;
			};
			name = Release;
		};
		97F42E9C15A3428000EACD05 /* Debug */ = {
			isa = XCBuildConfiguration;
			buildSettings = {
				GCC_PRECOMPILE_PREFIX_HEADER = YES;
				GCC_PREFIX_HEADER = "myGreatApp/myGreatApp-Prefix.pch";
				INFOPLIST_FILE = "myGreatApp/myGreatApp-Info.plist";
				LIBRARY_SEARCH_PATHS = (
					"$(inherited)",
					"\"$(SRCROOT)/myGreatApp/Libraries/facebook-ios-sdk\"",
				);
				PRODUCT_NAME = "$(TARGET_NAME)";
				WRAPPER_EXTENSION = app;
			};
			name = Debug;
		};
		97F42E9D15A3428000EACD05 /* Release */ = {
			isa = XCBuildConfiguration;
			buildSettings = {
				GCC_PRECOMPILE_PREFIX_HEADER = YES;
				GCC_PREFIX_HEADER = "myGreatApp/myGreatApp-Prefix.pch";
				INFOPLIST_FILE = "myGreatApp/myGreatApp-Info.plist";
				LIBRARY_SEARCH_PATHS = (
					"$(inherited)",
					"\"$(SRCROOT)/myGreatApp/Libraries/facebook-ios-sdk\"",
				);
				PRODUCT_NAME = "$(TARGET_NAME)";
				WRAPPER_EXTENSION = app;
			};
			name = Release;
		};
		97F42E9F15A3428000EACD05 /* Debug */ = {
			isa = XCBuildConfiguration;
			buildSettings = {
				BUNDLE_LOADER = "$(BUILT_PRODUCTS_DIR)/myGreatApp.app/myGreatApp";
				FRAMEWORK_SEARCH_PATHS = (
					"$(SDKROOT)/Developer/Library/Frameworks",
					"$(DEVELOPER_LIBRARY_DIR)/Frameworks",
				);
				GCC_PRECOMPILE_PREFIX_HEADER = YES;
				GCC_PREFIX_HEADER = "myGreatApp/myGreatApp-Prefix.pch";
				INFOPLIST_FILE = "myGreatAppTests/myGreatAppTests-Info.plist";
				PRODUCT_NAME = "$(TARGET_NAME)";
				TEST_HOST = "$(BUNDLE_LOADER)";
				WRAPPER_EXTENSION = octest;
			};
			name = Debug;
		};
		97F42EA015A3428000EACD05 /* Release */ = {
			isa = XCBuildConfiguration;
			buildSettings = {
				BUNDLE_LOADER = "$(BUILT_PRODUCTS_DIR)/myGreatApp.app/myGreatApp";
				FRAMEWORK_SEARCH_PATHS = (
					"$(SDKROOT)/Developer/Library/Frameworks",
					"$(DEVELOPER_LIBRARY_DIR)/Frameworks",
				);
				GCC_PRECOMPILE_PREFIX_HEADER = YES;
				GCC_PREFIX_HEADER = "myGreatApp/myGreatApp-Prefix.pch";
				INFOPLIST_FILE = "myGreatAppTests/myGreatAppTests-Info.plist";
				PRODUCT_NAME = "$(TARGET_NAME)";
				TEST_HOST = "$(BUNDLE_LOADER)";
				WRAPPER_EXTENSION = octest;
			};
			name = Release;
		};
/* End XCBuildConfiguration section */

/* Begin XCConfigurationList section */
		97F42E6215A3428000EACD05 /* Build configuration list for PBXProject "myGreatApp" */ = {
			isa = XCConfigurationList;
			buildConfigurations = (
				97F42E9915A3428000EACD05 /* Debug */,
				97F42E9A15A3428000EACD05 /* Release */,
			);
			defaultConfigurationIsVisible = 0;
			defaultConfigurationName = Release;
		};
		97F42E9B15A3428000EACD05 /* Build configuration list for PBXNativeTarget "myGreatApp" */ = {
			isa = XCConfigurationList;
			buildConfigurations = (
				97F42E9C15A3428000EACD05 /* Debug */,
				97F42E9D15A3428000EACD05 /* Release */,
			);
			defaultConfigurationIsVisible = 0;
			defaultConfigurationName = Release;
		};
		97F42E9E15A3428000EACD05 /* Build configuration list for PBXNativeTarget "myGreatAppTests" */ = {
			isa = XCConfigurationList;
			buildConfigurations = (
				97F42E9F15A3428000EACD05 /* Debug */,
				97F42EA015A3428000EACD05 /* Release */,
			);
			defaultConfigurationIsVisible = 0;
			defaultConfigurationName = Release;
		};
/* End XCConfigurationList section */
	};
	rootObject = 97F42E5F15A3428000EACD05 /* Project object */;
}
