// !$*UTF8*$!
{
	archiveVersion = 1;
	classes = {
	};
	objectVersion = 46;
	objects = {

/* Begin PBXBuildFile section */
		97027EA815AB238F00466D8E /* ResultViewController.m in Sources */ = {isa = PBXBuildFile; fileRef = 97027EA715AB238E00466D8E /* ResultViewController.m */; };
		9741190115AF279C00939706 /* ProfilViewController.m in Sources */ = {isa = PBXBuildFile; fileRef = 9741190015AF279C00939706 /* ProfilViewController.m */; };
		9741190415AF30FC00939706 /* FBConnect.bundle in Resources */ = {isa = PBXBuildFile; fileRef = 9741190315AF30FC00939706 /* FBConnect.bundle */; };
		9741190715AF41B400939706 /* LoginViewController.m in Sources */ = {isa = PBXBuildFile; fileRef = 9741190615AF41B400939706 /* LoginViewController.m */; };
		9741190A15AF48A400939706 /* LoginSession.m in Sources */ = {isa = PBXBuildFile; fileRef = 9741190915AF48A400939706 /* LoginSession.m */; };
		97625E0915C1BDEF0053AF05 /* ATPagingView.m in Sources */ = {isa = PBXBuildFile; fileRef = 97F8712115C1B7A000F248A3 /* ATPagingView.m */; };
		976D3B2D15D15F9400C5DAF0 /* LocalisationCell.m in Sources */ = {isa = PBXBuildFile; fileRef = 976D3B2C15D15F9400C5DAF0 /* LocalisationCell.m */; };
		976D3B5715D17A4800C5DAF0 /* city-logo-sel.png in Resources */ = {isa = PBXBuildFile; fileRef = 976D3B2E15D17A4800C5DAF0 /* city-logo-sel.png */; };
		976D3B5815D17A4800C5DAF0 /* city-logo.png in Resources */ = {isa = PBXBuildFile; fileRef = 976D3B2F15D17A4800C5DAF0 /* city-logo.png */; };
		976D3B5915D17A4800C5DAF0 /* coffee-logo-sel.png in Resources */ = {isa = PBXBuildFile; fileRef = 976D3B3015D17A4800C5DAF0 /* coffee-logo-sel.png */; };
		976D3B5A15D17A4800C5DAF0 /* coffee-logo.png in Resources */ = {isa = PBXBuildFile; fileRef = 976D3B3115D17A4800C5DAF0 /* coffee-logo.png */; };
		976D3B5B15D17A4800C5DAF0 /* desktop-logo-sel.png in Resources */ = {isa = PBXBuildFile; fileRef = 976D3B3215D17A4800C5DAF0 /* desktop-logo-sel.png */; };
		976D3B5C15D17A4800C5DAF0 /* desktop-logo.png in Resources */ = {isa = PBXBuildFile; fileRef = 976D3B3315D17A4800C5DAF0 /* desktop-logo.png */; };
		976D3B5D15D17A4800C5DAF0 /* distance-logo-sel.png in Resources */ = {isa = PBXBuildFile; fileRef = 976D3B3415D17A4800C5DAF0 /* distance-logo-sel.png */; };
		976D3B5E15D17A4800C5DAF0 /* distance-logo.png in Resources */ = {isa = PBXBuildFile; fileRef = 976D3B3515D17A4800C5DAF0 /* distance-logo.png */; };
		976D3B5F15D17A4800C5DAF0 /* handicap-logo-sel.png in Resources */ = {isa = PBXBuildFile; fileRef = 976D3B3615D17A4800C5DAF0 /* handicap-logo-sel.png */; };
		976D3B6015D17A4800C5DAF0 /* handicap-logo.png in Resources */ = {isa = PBXBuildFile; fileRef = 976D3B3715D17A4800C5DAF0 /* handicap-logo.png */; };
		976D3B6115D17A4800C5DAF0 /* list-arrow-sel.png in Resources */ = {isa = PBXBuildFile; fileRef = 976D3B3815D17A4800C5DAF0 /* list-arrow-sel.png */; };
		976D3B6215D17A4800C5DAF0 /* list-arrow.png in Resources */ = {isa = PBXBuildFile; fileRef = 976D3B3915D17A4800C5DAF0 /* list-arrow.png */; };
		976D3B6315D17A4800C5DAF0 /* list-bng-sel.png in Resources */ = {isa = PBXBuildFile; fileRef = 976D3B3A15D17A4800C5DAF0 /* list-bng-sel.png */; };
		976D3B6415D17A4800C5DAF0 /* list-bng.png in Resources */ = {isa = PBXBuildFile; fileRef = 976D3B3B15D17A4800C5DAF0 /* list-bng.png */; };
		976D3B6515D17A4800C5DAF0 /* meeting-logo-sel.png in Resources */ = {isa = PBXBuildFile; fileRef = 976D3B3C15D17A4800C5DAF0 /* meeting-logo-sel.png */; };
		976D3B6615D17A4800C5DAF0 /* meeting-logo.png in Resources */ = {isa = PBXBuildFile; fileRef = 976D3B3D15D17A4800C5DAF0 /* meeting-logo.png */; };
		976D3B6715D17A4800C5DAF0 /* nav-back.png in Resources */ = {isa = PBXBuildFile; fileRef = 976D3B3E15D17A4800C5DAF0 /* nav-back.png */; };
		976D3B6815D17A4800C5DAF0 /* nav-bar.png in Resources */ = {isa = PBXBuildFile; fileRef = 976D3B3F15D17A4800C5DAF0 /* nav-bar.png */; };
		976D3B6915D17A4800C5DAF0 /* nav-button.png in Resources */ = {isa = PBXBuildFile; fileRef = 976D3B4015D17A4800C5DAF0 /* nav-button.png */; };
		976D3B6A15D17A4800C5DAF0 /* park-logo-sel.png in Resources */ = {isa = PBXBuildFile; fileRef = 976D3B4115D17A4800C5DAF0 /* park-logo-sel.png */; };
		976D3B6B15D17A4800C5DAF0 /* park-logo.png in Resources */ = {isa = PBXBuildFile; fileRef = 976D3B4215D17A4800C5DAF0 /* park-logo.png */; };
		976D3B6C15D17A4800C5DAF0 /* rating-0-sel.png in Resources */ = {isa = PBXBuildFile; fileRef = 976D3B4315D17A4800C5DAF0 /* rating-0-sel.png */; };
		976D3B6D15D17A4800C5DAF0 /* rating-0.png in Resources */ = {isa = PBXBuildFile; fileRef = 976D3B4415D17A4800C5DAF0 /* rating-0.png */; };
		976D3B6E15D17A4800C5DAF0 /* rating-1-sel.png in Resources */ = {isa = PBXBuildFile; fileRef = 976D3B4515D17A4800C5DAF0 /* rating-1-sel.png */; };
		976D3B6F15D17A4800C5DAF0 /* rating-1.png in Resources */ = {isa = PBXBuildFile; fileRef = 976D3B4615D17A4800C5DAF0 /* rating-1.png */; };
		976D3B7015D17A4800C5DAF0 /* rating-2-sel.png in Resources */ = {isa = PBXBuildFile; fileRef = 976D3B4715D17A4800C5DAF0 /* rating-2-sel.png */; };
		976D3B7115D17A4800C5DAF0 /* rating-2.png in Resources */ = {isa = PBXBuildFile; fileRef = 976D3B4815D17A4800C5DAF0 /* rating-2.png */; };
		976D3B7215D17A4800C5DAF0 /* rating-3-sel.png in Resources */ = {isa = PBXBuildFile; fileRef = 976D3B4915D17A4800C5DAF0 /* rating-3-sel.png */; };
		976D3B7315D17A4800C5DAF0 /* rating-3.png in Resources */ = {isa = PBXBuildFile; fileRef = 976D3B4A15D17A4800C5DAF0 /* rating-3.png */; };
		976D3B7415D17A4800C5DAF0 /* rating-4-sel.png in Resources */ = {isa = PBXBuildFile; fileRef = 976D3B4B15D17A4800C5DAF0 /* rating-4-sel.png */; };
		976D3B7515D17A4800C5DAF0 /* rating-4.png in Resources */ = {isa = PBXBuildFile; fileRef = 976D3B4C15D17A4800C5DAF0 /* rating-4.png */; };
		976D3B7615D17A4800C5DAF0 /* rating-5-sel.png in Resources */ = {isa = PBXBuildFile; fileRef = 976D3B4D15D17A4800C5DAF0 /* rating-5-sel.png */; };
		976D3B7715D17A4800C5DAF0 /* rating-5.png in Resources */ = {isa = PBXBuildFile; fileRef = 976D3B4E15D17A4800C5DAF0 /* rating-5.png */; };
		976D3B7815D17A4800C5DAF0 /* resto-logo-sel.png in Resources */ = {isa = PBXBuildFile; fileRef = 976D3B4F15D17A4800C5DAF0 /* resto-logo-sel.png */; };
		976D3B7915D17A4800C5DAF0 /* resto-logo.png in Resources */ = {isa = PBXBuildFile; fileRef = 976D3B5015D17A4800C5DAF0 /* resto-logo.png */; };
		976D3B7A15D17A4800C5DAF0 /* tool-criteria-logo.png in Resources */ = {isa = PBXBuildFile; fileRef = 976D3B5115D17A4800C5DAF0 /* tool-criteria-logo.png */; };
		976D3B7B15D17A4800C5DAF0 /* tool-orderby-logo.png in Resources */ = {isa = PBXBuildFile; fileRef = 976D3B5215D17A4800C5DAF0 /* tool-orderby-logo.png */; };
		976D3B7C15D17A4800C5DAF0 /* tool-radius-logo.png in Resources */ = {isa = PBXBuildFile; fileRef = 976D3B5315D17A4800C5DAF0 /* tool-radius-logo.png */; };
		976D3B7D15D17A4800C5DAF0 /* tools-btn-bng.png in Resources */ = {isa = PBXBuildFile; fileRef = 976D3B5415D17A4800C5DAF0 /* tools-btn-bng.png */; };
		976D3B7E15D17A4800C5DAF0 /* wifi-logo-sel.png in Resources */ = {isa = PBXBuildFile; fileRef = 976D3B5515D17A4800C5DAF0 /* wifi-logo-sel.png */; };
		976D3B7F15D17A4800C5DAF0 /* wifi-logo.png in Resources */ = {isa = PBXBuildFile; fileRef = 976D3B5615D17A4800C5DAF0 /* wifi-logo.png */; };
		9780D0A515A4C54F00311B30 /* Security.framework in Frameworks */ = {isa = PBXBuildFile; fileRef = 9780D0A415A4C54F00311B30 /* Security.framework */; };
		9780D0CA15A7182D00311B30 /* LocalisationEngine.m in Sources */ = {isa = PBXBuildFile; fileRef = 9780D0C915A7182C00311B30 /* LocalisationEngine.m */; };
		9780D10815A88F6000311B30 /* MapKit.framework in Frameworks */ = {isa = PBXBuildFile; fileRef = 9780D10715A88F5F00311B30 /* MapKit.framework */; };
		9780D10D15A8A2CB00311B30 /* CoreLocation.framework in Frameworks */ = {isa = PBXBuildFile; fileRef = 9780D10C15A8A2CA00311B30 /* CoreLocation.framework */; };
		9780D11015A8BDE100311B30 /* LocalisationAnnotation.m in Sources */ = {isa = PBXBuildFile; fileRef = 9780D10F15A8BDE000311B30 /* LocalisationAnnotation.m */; };
		9780D15115A8E18D00311B30 /* Jastor.m in Sources */ = {isa = PBXBuildFile; fileRef = 9780D14E15A8E18D00311B30 /* Jastor.m */; };
		9780D15215A8E18D00311B30 /* JastorRuntimeHelper.m in Sources */ = {isa = PBXBuildFile; fileRef = 9780D15015A8E18D00311B30 /* JastorRuntimeHelper.m */; };
		9780D16915A8E30D00311B30 /* NSAlert+MKNetworkKitAdditions.m in Sources */ = {isa = PBXBuildFile; fileRef = 9780D15615A8E30D00311B30 /* NSAlert+MKNetworkKitAdditions.m */; };
		9780D16A15A8E30D00311B30 /* NSData+Base64.m in Sources */ = {isa = PBXBuildFile; fileRef = 9780D15815A8E30D00311B30 /* NSData+Base64.m */; };
		9780D16B15A8E30D00311B30 /* NSDate+RFC1123.m in Sources */ = {isa = PBXBuildFile; fileRef = 9780D15A15A8E30D00311B30 /* NSDate+RFC1123.m */; };
		9780D16C15A8E30D00311B30 /* NSDictionary+RequestEncoding.m in Sources */ = {isa = PBXBuildFile; fileRef = 9780D15C15A8E30D00311B30 /* NSDictionary+RequestEncoding.m */; };
		9780D16D15A8E30D00311B30 /* NSString+MKNetworkKitAdditions.m in Sources */ = {isa = PBXBuildFile; fileRef = 9780D15E15A8E30D00311B30 /* NSString+MKNetworkKitAdditions.m */; };
		9780D16E15A8E30D00311B30 /* UIAlertView+MKNetworkKitAdditions.m in Sources */ = {isa = PBXBuildFile; fileRef = 9780D16015A8E30D00311B30 /* UIAlertView+MKNetworkKitAdditions.m */; };
		9780D16F15A8E30D00311B30 /* MKNetworkEngine.m in Sources */ = {isa = PBXBuildFile; fileRef = 9780D16215A8E30D00311B30 /* MKNetworkEngine.m */; };
		9780D17015A8E30D00311B30 /* MKNetworkOperation.m in Sources */ = {isa = PBXBuildFile; fileRef = 9780D16515A8E30D00311B30 /* MKNetworkOperation.m */; };
		9780D17115A8E30D00311B30 /* Reachability.m in Sources */ = {isa = PBXBuildFile; fileRef = 9780D16815A8E30D00311B30 /* Reachability.m */; };
		978DE53315C6993100270B1A /* desktop_u.png in Resources */ = {isa = PBXBuildFile; fileRef = 978DE52D15C6993000270B1A /* desktop_u.png */; };
		978DE53415C6993100270B1A /* desktop.png in Resources */ = {isa = PBXBuildFile; fileRef = 978DE52E15C6993000270B1A /* desktop.png */; };
		978DE53515C6993100270B1A /* freeplaces_u.png in Resources */ = {isa = PBXBuildFile; fileRef = 978DE52F15C6993000270B1A /* freeplaces_u.png */; };
		978DE53615C6993100270B1A /* freeplaces.png in Resources */ = {isa = PBXBuildFile; fileRef = 978DE53015C6993000270B1A /* freeplaces.png */; };
		978DE53715C6993100270B1A /* meetingroom_u.png in Resources */ = {isa = PBXBuildFile; fileRef = 978DE53115C6993100270B1A /* meetingroom_u.png */; };
		978DE53815C6993100270B1A /* meetingroom.png in Resources */ = {isa = PBXBuildFile; fileRef = 978DE53215C6993100270B1A /* meetingroom.png */; };
		978DE53C15C6E02F00270B1A /* DetailViewController.m in Sources */ = {isa = PBXBuildFile; fileRef = 978DE53B15C6E02E00270B1A /* DetailViewController.m */; };
		978DE53F15C701D100270B1A /* OfferListViewController.m in Sources */ = {isa = PBXBuildFile; fileRef = 978DE53E15C701D000270B1A /* OfferListViewController.m */; };
		978DE54215C7020600270B1A /* OfferViewController.m in Sources */ = {isa = PBXBuildFile; fileRef = 978DE54115C7020500270B1A /* OfferViewController.m */; };
		97A0522115C2B1A80047EDD7 /* FreeLocalisationCell.m in Sources */ = {isa = PBXBuildFile; fileRef = 97A0522015C2B1A80047EDD7 /* FreeLocalisationCell.m */; };
		97A0522515C424500047EDD7 /* OrderByViewController.m in Sources */ = {isa = PBXBuildFile; fileRef = 97A0522415C424500047EDD7 /* OrderByViewController.m */; };
		97A0522C15C46B0A0047EDD7 /* SelectRadiusViewController.m in Sources */ = {isa = PBXBuildFile; fileRef = 97A0522B15C46B0A0047EDD7 /* SelectRadiusViewController.m */; };
		97A0522F15C475FB0047EDD7 /* SelectTypeViewController.m in Sources */ = {isa = PBXBuildFile; fileRef = 97A0522E15C475FA0047EDD7 /* SelectTypeViewController.m */; };
		97E7882A15B357D400F0FD4F /* NoAnimSegue.m in Sources */ = {isa = PBXBuildFile; fileRef = 97E7882915B357D400F0FD4F /* NoAnimSegue.m */; };
		97E7882E15B3712A00F0FD4F /* DashboardViewController.m in Sources */ = {isa = PBXBuildFile; fileRef = 97E7882D15B3712A00F0FD4F /* DashboardViewController.m */; };
		97E7883415B4606B00F0FD4F /* FBRequestBlockDelegate.m in Sources */ = {isa = PBXBuildFile; fileRef = 97E7883315B4606B00F0FD4F /* FBRequestBlockDelegate.m */; };
		97E7883815B84C3000F0FD4F /* ControllerHelper.m in Sources */ = {isa = PBXBuildFile; fileRef = 97E7883715B84C3000F0FD4F /* ControllerHelper.m */; };
		97E7885515B9EB3F00F0FD4F /* RegisterViewController.m in Sources */ = {isa = PBXBuildFile; fileRef = 97E7885415B9EB3E00F0FD4F /* RegisterViewController.m */; };
		97F42E6D15A3428000EACD05 /* UIKit.framework in Frameworks */ = {isa = PBXBuildFile; fileRef = 97F42E6C15A3428000EACD05 /* UIKit.framework */; };
		97F42E6F15A3428000EACD05 /* Foundation.framework in Frameworks */ = {isa = PBXBuildFile; fileRef = 97F42E6E15A3428000EACD05 /* Foundation.framework */; };
		97F42E7115A3428000EACD05 /* CoreGraphics.framework in Frameworks */ = {isa = PBXBuildFile; fileRef = 97F42E7015A3428000EACD05 /* CoreGraphics.framework */; };
		97F42E7715A3428000EACD05 /* InfoPlist.strings in Resources */ = {isa = PBXBuildFile; fileRef = 97F42E7515A3428000EACD05 /* InfoPlist.strings */; };
		97F42E7915A3428000EACD05 /* main.m in Sources */ = {isa = PBXBuildFile; fileRef = 97F42E7815A3428000EACD05 /* main.m */; };
		97F42E7D15A3428000EACD05 /* AppDelegate.m in Sources */ = {isa = PBXBuildFile; fileRef = 97F42E7C15A3428000EACD05 /* AppDelegate.m */; };
		97F42E8015A3428000EACD05 /* MainStoryboard.storyboard in Resources */ = {isa = PBXBuildFile; fileRef = 97F42E7E15A3428000EACD05 /* MainStoryboard.storyboard */; };
		97F42E8315A3428000EACD05 /* SearchViewController.m in Sources */ = {isa = PBXBuildFile; fileRef = 97F42E8215A3428000EACD05 /* SearchViewController.m */; };
		97F42E8B15A3428000EACD05 /* SenTestingKit.framework in Frameworks */ = {isa = PBXBuildFile; fileRef = 97F42E8A15A3428000EACD05 /* SenTestingKit.framework */; };
		97F42E8C15A3428000EACD05 /* UIKit.framework in Frameworks */ = {isa = PBXBuildFile; fileRef = 97F42E6C15A3428000EACD05 /* UIKit.framework */; };
		97F42E8D15A3428000EACD05 /* Foundation.framework in Frameworks */ = {isa = PBXBuildFile; fileRef = 97F42E6E15A3428000EACD05 /* Foundation.framework */; };
		97F42E9515A3428000EACD05 /* InfoPlist.strings in Resources */ = {isa = PBXBuildFile; fileRef = 97F42E9315A3428000EACD05 /* InfoPlist.strings */; };
		97F42E9815A3428000EACD05 /* myGreatAppTests.m in Sources */ = {isa = PBXBuildFile; fileRef = 97F42E9715A3428000EACD05 /* myGreatAppTests.m */; };
		97F42EB215A4541D00EACD05 /* Localisation.m in Sources */ = {isa = PBXBuildFile; fileRef = 97F42EB115A4541D00EACD05 /* Localisation.m */; };
		97F42EB815A4789F00EACD05 /* PayingLocalisationCell.m in Sources */ = {isa = PBXBuildFile; fileRef = 97F42EB715A4789F00EACD05 /* PayingLocalisationCell.m */; };
		97F42EF715A4BD3100EACD05 /* CFNetwork.framework in Frameworks */ = {isa = PBXBuildFile; fileRef = 97F42EF615A4BD3100EACD05 /* CFNetwork.framework */; };
		97F42EF915A4BE4200EACD05 /* SystemConfiguration.framework in Frameworks */ = {isa = PBXBuildFile; fileRef = 97F42EF815A4BE4200EACD05 /* SystemConfiguration.framework */; };
		97F8157015AECB09008DEB30 /* SelectSearchViewController.m in Sources */ = {isa = PBXBuildFile; fileRef = 97F8156F15AECB09008DEB30 /* SelectSearchViewController.m */; };
		97F8157415AECB79008DEB30 /* SearchCriteria.m in Sources */ = {isa = PBXBuildFile; fileRef = 97F8157315AECB79008DEB30 /* SearchCriteria.m */; };
		97F815CB15AF1DAD008DEB30 /* FBDialog.bundle in Resources */ = {isa = PBXBuildFile; fileRef = 97F815BE15AF1DAD008DEB30 /* FBDialog.bundle */; };
		97F815CC15AF1DAD008DEB30 /* libfacebook_ios_sdk.a in Frameworks */ = {isa = PBXBuildFile; fileRef = 97F815C415AF1DAD008DEB30 /* libfacebook_ios_sdk.a */; };
		97F8711415C176C200F248A3 /* Access.m in Sources */ = {isa = PBXBuildFile; fileRef = 97F8711315C176C200F248A3 /* Access.m */; };
		97F8711715C176D600F248A3 /* Feature.m in Sources */ = {isa = PBXBuildFile; fileRef = 97F8711615C176D600F248A3 /* Feature.m */; };
		97F8711A15C176E700F248A3 /* Image.m in Sources */ = {isa = PBXBuildFile; fileRef = 97F8711915C176E700F248A3 /* Image.m */; };
		97F8712215C1B7A000F248A3 /* ATPagingView.m in Sources */ = {isa = PBXBuildFile; fileRef = 97F8712115C1B7A000F248A3 /* ATPagingView.m */; };
		97F87B9415CAEFA2009B111D /* MinPrice.m in Sources */ = {isa = PBXBuildFile; fileRef = 97F87B9315CAEFA2009B111D /* MinPrice.m */; };
		97FBDF3015C98BE6007A5316 /* OffersSummary.m in Sources */ = {isa = PBXBuildFile; fileRef = 97FBDF2F15C98BE6007A5316 /* OffersSummary.m */; };
		97FD7E6C15BDC76200815752 /* Price.m in Sources */ = {isa = PBXBuildFile; fileRef = 97FD7E6B15BDC76200815752 /* Price.m */; };
		97FD7E7015BDC77000815752 /* Comment.m in Sources */ = {isa = PBXBuildFile; fileRef = 97FD7E6F15BDC76F00815752 /* Comment.m */; };
		97FD7E7315BDC77E00815752 /* Offer.m in Sources */ = {isa = PBXBuildFile; fileRef = 97FD7E7215BDC77E00815752 /* Offer.m */; };
		97FD7E7615BDC79500815752 /* OpeningTimes.m in Sources */ = {isa = PBXBuildFile; fileRef = 97FD7E7515BDC79500815752 /* OpeningTimes.m */; };
		97FD7E7915BDC7A000815752 /* Member.m in Sources */ = {isa = PBXBuildFile; fileRef = 97FD7E7815BDC7A000815752 /* Member.m */; };
		97FD7E8315BEF59C00815752 /* DescriptionViewController.m in Sources */ = {isa = PBXBuildFile; fileRef = 97FD7E8215BEF59C00815752 /* DescriptionViewController.m */; };
		97FD7E8E15C011FE00815752 /* GalleryViewController.m in Sources */ = {isa = PBXBuildFile; fileRef = 97FD7E8D15C011FD00815752 /* GalleryViewController.m */; };
/* End PBXBuildFile section */

/* Begin PBXContainerItemProxy section */
		97F42E8E15A3428000EACD05 /* PBXContainerItemProxy */ = {
			isa = PBXContainerItemProxy;
			containerPortal = 97F42E5F15A3428000EACD05 /* Project object */;
			proxyType = 1;
			remoteGlobalIDString = 97F42E6715A3428000EACD05;
			remoteInfo = myGreatApp;
		};
/* End PBXContainerItemProxy section */

/* Begin PBXFileReference section */
		97027EA615AB238E00466D8E /* ResultViewController.h */ = {isa = PBXFileReference; fileEncoding = 4; lastKnownFileType = sourcecode.c.h; path = ResultViewController.h; sourceTree = "<group>"; };
		97027EA715AB238E00466D8E /* ResultViewController.m */ = {isa = PBXFileReference; fileEncoding = 4; lastKnownFileType = sourcecode.c.objc; path = ResultViewController.m; sourceTree = "<group>"; };
		974118FF15AF279C00939706 /* ProfilViewController.h */ = {isa = PBXFileReference; fileEncoding = 4; lastKnownFileType = sourcecode.c.h; path = ProfilViewController.h; sourceTree = "<group>"; };
		9741190015AF279C00939706 /* ProfilViewController.m */ = {isa = PBXFileReference; fileEncoding = 4; lastKnownFileType = sourcecode.c.objc; path = ProfilViewController.m; sourceTree = "<group>"; };
		9741190315AF30FC00939706 /* FBConnect.bundle */ = {isa = PBXFileReference; lastKnownFileType = "wrapper.plug-in"; path = FBConnect.bundle; sourceTree = "<group>"; };
		9741190515AF41B400939706 /* LoginViewController.h */ = {isa = PBXFileReference; fileEncoding = 4; lastKnownFileType = sourcecode.c.h; path = LoginViewController.h; sourceTree = "<group>"; };
		9741190615AF41B400939706 /* LoginViewController.m */ = {isa = PBXFileReference; fileEncoding = 4; lastKnownFileType = sourcecode.c.objc; path = LoginViewController.m; sourceTree = "<group>"; };
		9741190815AF48A400939706 /* LoginSession.h */ = {isa = PBXFileReference; fileEncoding = 4; lastKnownFileType = sourcecode.c.h; path = LoginSession.h; sourceTree = "<group>"; };
		9741190915AF48A400939706 /* LoginSession.m */ = {isa = PBXFileReference; fileEncoding = 4; lastKnownFileType = sourcecode.c.objc; path = LoginSession.m; sourceTree = "<group>"; };
		976D3B2B15D15F9400C5DAF0 /* LocalisationCell.h */ = {isa = PBXFileReference; fileEncoding = 4; lastKnownFileType = sourcecode.c.h; path = LocalisationCell.h; sourceTree = "<group>"; };
		976D3B2C15D15F9400C5DAF0 /* LocalisationCell.m */ = {isa = PBXFileReference; fileEncoding = 4; lastKnownFileType = sourcecode.c.objc; path = LocalisationCell.m; sourceTree = "<group>"; };
		976D3B2E15D17A4800C5DAF0 /* city-logo-sel.png */ = {isa = PBXFileReference; lastKnownFileType = image.png; path = "city-logo-sel.png"; sourceTree = "<group>"; };
		976D3B2F15D17A4800C5DAF0 /* city-logo.png */ = {isa = PBXFileReference; lastKnownFileType = image.png; path = "city-logo.png"; sourceTree = "<group>"; };
		976D3B3015D17A4800C5DAF0 /* coffee-logo-sel.png */ = {isa = PBXFileReference; lastKnownFileType = image.png; path = "coffee-logo-sel.png"; sourceTree = "<group>"; };
		976D3B3115D17A4800C5DAF0 /* coffee-logo.png */ = {isa = PBXFileReference; lastKnownFileType = image.png; path = "coffee-logo.png"; sourceTree = "<group>"; };
		976D3B3215D17A4800C5DAF0 /* desktop-logo-sel.png */ = {isa = PBXFileReference; lastKnownFileType = image.png; path = "desktop-logo-sel.png"; sourceTree = "<group>"; };
		976D3B3315D17A4800C5DAF0 /* desktop-logo.png */ = {isa = PBXFileReference; lastKnownFileType = image.png; path = "desktop-logo.png"; sourceTree = "<group>"; };
		976D3B3415D17A4800C5DAF0 /* distance-logo-sel.png */ = {isa = PBXFileReference; lastKnownFileType = image.png; path = "distance-logo-sel.png"; sourceTree = "<group>"; };
		976D3B3515D17A4800C5DAF0 /* distance-logo.png */ = {isa = PBXFileReference; lastKnownFileType = image.png; path = "distance-logo.png"; sourceTree = "<group>"; };
		976D3B3615D17A4800C5DAF0 /* handicap-logo-sel.png */ = {isa = PBXFileReference; lastKnownFileType = image.png; path = "handicap-logo-sel.png"; sourceTree = "<group>"; };
		976D3B3715D17A4800C5DAF0 /* handicap-logo.png */ = {isa = PBXFileReference; lastKnownFileType = image.png; path = "handicap-logo.png"; sourceTree = "<group>"; };
		976D3B3815D17A4800C5DAF0 /* list-arrow-sel.png */ = {isa = PBXFileReference; lastKnownFileType = image.png; path = "list-arrow-sel.png"; sourceTree = "<group>"; };
		976D3B3915D17A4800C5DAF0 /* list-arrow.png */ = {isa = PBXFileReference; lastKnownFileType = image.png; path = "list-arrow.png"; sourceTree = "<group>"; };
		976D3B3A15D17A4800C5DAF0 /* list-bng-sel.png */ = {isa = PBXFileReference; lastKnownFileType = image.png; path = "list-bng-sel.png"; sourceTree = "<group>"; };
		976D3B3B15D17A4800C5DAF0 /* list-bng.png */ = {isa = PBXFileReference; lastKnownFileType = image.png; path = "list-bng.png"; sourceTree = "<group>"; };
		976D3B3C15D17A4800C5DAF0 /* meeting-logo-sel.png */ = {isa = PBXFileReference; lastKnownFileType = image.png; path = "meeting-logo-sel.png"; sourceTree = "<group>"; };
		976D3B3D15D17A4800C5DAF0 /* meeting-logo.png */ = {isa = PBXFileReference; lastKnownFileType = image.png; path = "meeting-logo.png"; sourceTree = "<group>"; };
		976D3B3E15D17A4800C5DAF0 /* nav-back.png */ = {isa = PBXFileReference; lastKnownFileType = image.png; path = "nav-back.png"; sourceTree = "<group>"; };
		976D3B3F15D17A4800C5DAF0 /* nav-bar.png */ = {isa = PBXFileReference; lastKnownFileType = image.png; path = "nav-bar.png"; sourceTree = "<group>"; };
		976D3B4015D17A4800C5DAF0 /* nav-button.png */ = {isa = PBXFileReference; lastKnownFileType = image.png; path = "nav-button.png"; sourceTree = "<group>"; };
		976D3B4115D17A4800C5DAF0 /* park-logo-sel.png */ = {isa = PBXFileReference; lastKnownFileType = image.png; path = "park-logo-sel.png"; sourceTree = "<group>"; };
		976D3B4215D17A4800C5DAF0 /* park-logo.png */ = {isa = PBXFileReference; lastKnownFileType = image.png; path = "park-logo.png"; sourceTree = "<group>"; };
		976D3B4315D17A4800C5DAF0 /* rating-0-sel.png */ = {isa = PBXFileReference; lastKnownFileType = image.png; path = "rating-0-sel.png"; sourceTree = "<group>"; };
		976D3B4415D17A4800C5DAF0 /* rating-0.png */ = {isa = PBXFileReference; lastKnownFileType = image.png; path = "rating-0.png"; sourceTree = "<group>"; };
		976D3B4515D17A4800C5DAF0 /* rating-1-sel.png */ = {isa = PBXFileReference; lastKnownFileType = image.png; path = "rating-1-sel.png"; sourceTree = "<group>"; };
		976D3B4615D17A4800C5DAF0 /* rating-1.png */ = {isa = PBXFileReference; lastKnownFileType = image.png; path = "rating-1.png"; sourceTree = "<group>"; };
		976D3B4715D17A4800C5DAF0 /* rating-2-sel.png */ = {isa = PBXFileReference; lastKnownFileType = image.png; path = "rating-2-sel.png"; sourceTree = "<group>"; };
		976D3B4815D17A4800C5DAF0 /* rating-2.png */ = {isa = PBXFileReference; lastKnownFileType = image.png; path = "rating-2.png"; sourceTree = "<group>"; };
		976D3B4915D17A4800C5DAF0 /* rating-3-sel.png */ = {isa = PBXFileReference; lastKnownFileType = image.png; path = "rating-3-sel.png"; sourceTree = "<group>"; };
		976D3B4A15D17A4800C5DAF0 /* rating-3.png */ = {isa = PBXFileReference; lastKnownFileType = image.png; path = "rating-3.png"; sourceTree = "<group>"; };
		976D3B4B15D17A4800C5DAF0 /* rating-4-sel.png */ = {isa = PBXFileReference; lastKnownFileType = image.png; path = "rating-4-sel.png"; sourceTree = "<group>"; };
		976D3B4C15D17A4800C5DAF0 /* rating-4.png */ = {isa = PBXFileReference; lastKnownFileType = image.png; path = "rating-4.png"; sourceTree = "<group>"; };
		976D3B4D15D17A4800C5DAF0 /* rating-5-sel.png */ = {isa = PBXFileReference; lastKnownFileType = image.png; path = "rating-5-sel.png"; sourceTree = "<group>"; };
		976D3B4E15D17A4800C5DAF0 /* rating-5.png */ = {isa = PBXFileReference; lastKnownFileType = image.png; path = "rating-5.png"; sourceTree = "<group>"; };
		976D3B4F15D17A4800C5DAF0 /* resto-logo-sel.png */ = {isa = PBXFileReference; lastKnownFileType = image.png; path = "resto-logo-sel.png"; sourceTree = "<group>"; };
		976D3B5015D17A4800C5DAF0 /* resto-logo.png */ = {isa = PBXFileReference; lastKnownFileType = image.png; path = "resto-logo.png"; sourceTree = "<group>"; };
		976D3B5115D17A4800C5DAF0 /* tool-criteria-logo.png */ = {isa = PBXFileReference; lastKnownFileType = image.png; path = "tool-criteria-logo.png"; sourceTree = "<group>"; };
		976D3B5215D17A4800C5DAF0 /* tool-orderby-logo.png */ = {isa = PBXFileReference; lastKnownFileType = image.png; path = "tool-orderby-logo.png"; sourceTree = "<group>"; };
		976D3B5315D17A4800C5DAF0 /* tool-radius-logo.png */ = {isa = PBXFileReference; lastKnownFileType = image.png; path = "tool-radius-logo.png"; sourceTree = "<group>"; };
		976D3B5415D17A4800C5DAF0 /* tools-btn-bng.png */ = {isa = PBXFileReference; lastKnownFileType = image.png; path = "tools-btn-bng.png"; sourceTree = "<group>"; };
		976D3B5515D17A4800C5DAF0 /* wifi-logo-sel.png */ = {isa = PBXFileReference; lastKnownFileType = image.png; path = "wifi-logo-sel.png"; sourceTree = "<group>"; };
		976D3B5615D17A4800C5DAF0 /* wifi-logo.png */ = {isa = PBXFileReference; lastKnownFileType = image.png; path = "wifi-logo.png"; sourceTree = "<group>"; };
		9780D0A415A4C54F00311B30 /* Security.framework */ = {isa = PBXFileReference; lastKnownFileType = wrapper.framework; name = Security.framework; path = System/Library/Frameworks/Security.framework; sourceTree = SDKROOT; };
		9780D0C815A7182C00311B30 /* LocalisationEngine.h */ = {isa = PBXFileReference; fileEncoding = 4; lastKnownFileType = sourcecode.c.h; path = LocalisationEngine.h; sourceTree = "<group>"; };
		9780D0C915A7182C00311B30 /* LocalisationEngine.m */ = {isa = PBXFileReference; fileEncoding = 4; lastKnownFileType = sourcecode.c.objc; path = LocalisationEngine.m; sourceTree = "<group>"; };
		9780D10715A88F5F00311B30 /* MapKit.framework */ = {isa = PBXFileReference; lastKnownFileType = wrapper.framework; name = MapKit.framework; path = System/Library/Frameworks/MapKit.framework; sourceTree = SDKROOT; };
		9780D10C15A8A2CA00311B30 /* CoreLocation.framework */ = {isa = PBXFileReference; lastKnownFileType = wrapper.framework; name = CoreLocation.framework; path = System/Library/Frameworks/CoreLocation.framework; sourceTree = SDKROOT; };
		9780D10E15A8BDDF00311B30 /* LocalisationAnnotation.h */ = {isa = PBXFileReference; fileEncoding = 4; lastKnownFileType = sourcecode.c.h; path = LocalisationAnnotation.h; sourceTree = "<group>"; };
		9780D10F15A8BDE000311B30 /* LocalisationAnnotation.m */ = {isa = PBXFileReference; fileEncoding = 4; lastKnownFileType = sourcecode.c.objc; path = LocalisationAnnotation.m; sourceTree = "<group>"; };
		9780D14D15A8E18D00311B30 /* Jastor.h */ = {isa = PBXFileReference; fileEncoding = 4; lastKnownFileType = sourcecode.c.h; path = Jastor.h; sourceTree = "<group>"; };
		9780D14E15A8E18D00311B30 /* Jastor.m */ = {isa = PBXFileReference; fileEncoding = 4; lastKnownFileType = sourcecode.c.objc; path = Jastor.m; sourceTree = "<group>"; };
		9780D14F15A8E18D00311B30 /* JastorRuntimeHelper.h */ = {isa = PBXFileReference; fileEncoding = 4; lastKnownFileType = sourcecode.c.h; path = JastorRuntimeHelper.h; sourceTree = "<group>"; };
		9780D15015A8E18D00311B30 /* JastorRuntimeHelper.m */ = {isa = PBXFileReference; fileEncoding = 4; lastKnownFileType = sourcecode.c.objc; path = JastorRuntimeHelper.m; sourceTree = "<group>"; };
		9780D15515A8E30D00311B30 /* NSAlert+MKNetworkKitAdditions.h */ = {isa = PBXFileReference; fileEncoding = 4; lastKnownFileType = sourcecode.c.h; path = "NSAlert+MKNetworkKitAdditions.h"; sourceTree = "<group>"; };
		9780D15615A8E30D00311B30 /* NSAlert+MKNetworkKitAdditions.m */ = {isa = PBXFileReference; fileEncoding = 4; lastKnownFileType = sourcecode.c.objc; path = "NSAlert+MKNetworkKitAdditions.m"; sourceTree = "<group>"; };
		9780D15715A8E30D00311B30 /* NSData+Base64.h */ = {isa = PBXFileReference; fileEncoding = 4; lastKnownFileType = sourcecode.c.h; path = "NSData+Base64.h"; sourceTree = "<group>"; };
		9780D15815A8E30D00311B30 /* NSData+Base64.m */ = {isa = PBXFileReference; fileEncoding = 4; lastKnownFileType = sourcecode.c.objc; path = "NSData+Base64.m"; sourceTree = "<group>"; };
		9780D15915A8E30D00311B30 /* NSDate+RFC1123.h */ = {isa = PBXFileReference; fileEncoding = 4; lastKnownFileType = sourcecode.c.h; path = "NSDate+RFC1123.h"; sourceTree = "<group>"; };
		9780D15A15A8E30D00311B30 /* NSDate+RFC1123.m */ = {isa = PBXFileReference; fileEncoding = 4; lastKnownFileType = sourcecode.c.objc; path = "NSDate+RFC1123.m"; sourceTree = "<group>"; };
		9780D15B15A8E30D00311B30 /* NSDictionary+RequestEncoding.h */ = {isa = PBXFileReference; fileEncoding = 4; lastKnownFileType = sourcecode.c.h; path = "NSDictionary+RequestEncoding.h"; sourceTree = "<group>"; };
		9780D15C15A8E30D00311B30 /* NSDictionary+RequestEncoding.m */ = {isa = PBXFileReference; fileEncoding = 4; lastKnownFileType = sourcecode.c.objc; path = "NSDictionary+RequestEncoding.m"; sourceTree = "<group>"; };
		9780D15D15A8E30D00311B30 /* NSString+MKNetworkKitAdditions.h */ = {isa = PBXFileReference; fileEncoding = 4; lastKnownFileType = sourcecode.c.h; path = "NSString+MKNetworkKitAdditions.h"; sourceTree = "<group>"; };
		9780D15E15A8E30D00311B30 /* NSString+MKNetworkKitAdditions.m */ = {isa = PBXFileReference; fileEncoding = 4; lastKnownFileType = sourcecode.c.objc; path = "NSString+MKNetworkKitAdditions.m"; sourceTree = "<group>"; };
		9780D15F15A8E30D00311B30 /* UIAlertView+MKNetworkKitAdditions.h */ = {isa = PBXFileReference; fileEncoding = 4; lastKnownFileType = sourcecode.c.h; path = "UIAlertView+MKNetworkKitAdditions.h"; sourceTree = "<group>"; };
		9780D16015A8E30D00311B30 /* UIAlertView+MKNetworkKitAdditions.m */ = {isa = PBXFileReference; fileEncoding = 4; lastKnownFileType = sourcecode.c.objc; path = "UIAlertView+MKNetworkKitAdditions.m"; sourceTree = "<group>"; };
		9780D16115A8E30D00311B30 /* MKNetworkEngine.h */ = {isa = PBXFileReference; fileEncoding = 4; lastKnownFileType = sourcecode.c.h; path = MKNetworkEngine.h; sourceTree = "<group>"; };
		9780D16215A8E30D00311B30 /* MKNetworkEngine.m */ = {isa = PBXFileReference; fileEncoding = 4; lastKnownFileType = sourcecode.c.objc; path = MKNetworkEngine.m; sourceTree = "<group>"; };
		9780D16315A8E30D00311B30 /* MKNetworkKit.h */ = {isa = PBXFileReference; fileEncoding = 4; lastKnownFileType = sourcecode.c.h; path = MKNetworkKit.h; sourceTree = "<group>"; };
		9780D16415A8E30D00311B30 /* MKNetworkOperation.h */ = {isa = PBXFileReference; fileEncoding = 4; lastKnownFileType = sourcecode.c.h; path = MKNetworkOperation.h; sourceTree = "<group>"; };
		9780D16515A8E30D00311B30 /* MKNetworkOperation.m */ = {isa = PBXFileReference; fileEncoding = 4; lastKnownFileType = sourcecode.c.objc; path = MKNetworkOperation.m; sourceTree = "<group>"; };
		9780D16715A8E30D00311B30 /* Reachability.h */ = {isa = PBXFileReference; fileEncoding = 4; lastKnownFileType = sourcecode.c.h; path = Reachability.h; sourceTree = "<group>"; };
		9780D16815A8E30D00311B30 /* Reachability.m */ = {isa = PBXFileReference; fileEncoding = 4; lastKnownFileType = sourcecode.c.objc; path = Reachability.m; sourceTree = "<group>"; };
		978DE52D15C6993000270B1A /* desktop_u.png */ = {isa = PBXFileReference; lastKnownFileType = image.png; name = desktop_u.png; path = myGreatApp/desktop_u.png; sourceTree = "<group>"; };
		978DE52E15C6993000270B1A /* desktop.png */ = {isa = PBXFileReference; lastKnownFileType = image.png; name = desktop.png; path = myGreatApp/desktop.png; sourceTree = "<group>"; };
		978DE52F15C6993000270B1A /* freeplaces_u.png */ = {isa = PBXFileReference; lastKnownFileType = image.png; name = freeplaces_u.png; path = myGreatApp/freeplaces_u.png; sourceTree = "<group>"; };
		978DE53015C6993000270B1A /* freeplaces.png */ = {isa = PBXFileReference; lastKnownFileType = image.png; name = freeplaces.png; path = myGreatApp/freeplaces.png; sourceTree = "<group>"; };
		978DE53115C6993100270B1A /* meetingroom_u.png */ = {isa = PBXFileReference; lastKnownFileType = image.png; name = meetingroom_u.png; path = myGreatApp/meetingroom_u.png; sourceTree = "<group>"; };
		978DE53215C6993100270B1A /* meetingroom.png */ = {isa = PBXFileReference; lastKnownFileType = image.png; name = meetingroom.png; path = myGreatApp/meetingroom.png; sourceTree = "<group>"; };
		978DE53A15C6E02D00270B1A /* DetailViewController.h */ = {isa = PBXFileReference; fileEncoding = 4; lastKnownFileType = sourcecode.c.h; path = DetailViewController.h; sourceTree = "<group>"; };
		978DE53B15C6E02E00270B1A /* DetailViewController.m */ = {isa = PBXFileReference; fileEncoding = 4; lastKnownFileType = sourcecode.c.objc; path = DetailViewController.m; sourceTree = "<group>"; };
		978DE53D15C701D000270B1A /* OfferListViewController.h */ = {isa = PBXFileReference; fileEncoding = 4; lastKnownFileType = sourcecode.c.h; path = OfferListViewController.h; sourceTree = "<group>"; };
		978DE53E15C701D000270B1A /* OfferListViewController.m */ = {isa = PBXFileReference; fileEncoding = 4; lastKnownFileType = sourcecode.c.objc; path = OfferListViewController.m; sourceTree = "<group>"; };
		978DE54015C7020500270B1A /* OfferViewController.h */ = {isa = PBXFileReference; fileEncoding = 4; lastKnownFileType = sourcecode.c.h; path = OfferViewController.h; sourceTree = "<group>"; };
		978DE54115C7020500270B1A /* OfferViewController.m */ = {isa = PBXFileReference; fileEncoding = 4; lastKnownFileType = sourcecode.c.objc; path = OfferViewController.m; sourceTree = "<group>"; };
		97A0521F15C2B1A80047EDD7 /* FreeLocalisationCell.h */ = {isa = PBXFileReference; fileEncoding = 4; lastKnownFileType = sourcecode.c.h; path = FreeLocalisationCell.h; sourceTree = "<group>"; };
		97A0522015C2B1A80047EDD7 /* FreeLocalisationCell.m */ = {isa = PBXFileReference; fileEncoding = 4; lastKnownFileType = sourcecode.c.objc; path = FreeLocalisationCell.m; sourceTree = "<group>"; };
		97A0522315C424500047EDD7 /* OrderByViewController.h */ = {isa = PBXFileReference; fileEncoding = 4; lastKnownFileType = sourcecode.c.h; path = OrderByViewController.h; sourceTree = "<group>"; };
		97A0522415C424500047EDD7 /* OrderByViewController.m */ = {isa = PBXFileReference; fileEncoding = 4; lastKnownFileType = sourcecode.c.objc; path = OrderByViewController.m; sourceTree = "<group>"; };
		97A0522A15C46B0A0047EDD7 /* SelectRadiusViewController.h */ = {isa = PBXFileReference; fileEncoding = 4; lastKnownFileType = sourcecode.c.h; path = SelectRadiusViewController.h; sourceTree = "<group>"; };
		97A0522B15C46B0A0047EDD7 /* SelectRadiusViewController.m */ = {isa = PBXFileReference; fileEncoding = 4; lastKnownFileType = sourcecode.c.objc; path = SelectRadiusViewController.m; sourceTree = "<group>"; };
		97A0522D15C475FA0047EDD7 /* SelectTypeViewController.h */ = {isa = PBXFileReference; fileEncoding = 4; lastKnownFileType = sourcecode.c.h; path = SelectTypeViewController.h; sourceTree = "<group>"; };
		97A0522E15C475FA0047EDD7 /* SelectTypeViewController.m */ = {isa = PBXFileReference; fileEncoding = 4; lastKnownFileType = sourcecode.c.objc; path = SelectTypeViewController.m; sourceTree = "<group>"; };
		97E7882815B357D400F0FD4F /* NoAnimSegue.h */ = {isa = PBXFileReference; fileEncoding = 4; lastKnownFileType = sourcecode.c.h; path = NoAnimSegue.h; sourceTree = "<group>"; };
		97E7882915B357D400F0FD4F /* NoAnimSegue.m */ = {isa = PBXFileReference; fileEncoding = 4; lastKnownFileType = sourcecode.c.objc; path = NoAnimSegue.m; sourceTree = "<group>"; };
		97E7882C15B3712A00F0FD4F /* DashboardViewController.h */ = {isa = PBXFileReference; fileEncoding = 4; lastKnownFileType = sourcecode.c.h; path = DashboardViewController.h; sourceTree = "<group>"; };
		97E7882D15B3712A00F0FD4F /* DashboardViewController.m */ = {isa = PBXFileReference; fileEncoding = 4; lastKnownFileType = sourcecode.c.objc; path = DashboardViewController.m; sourceTree = "<group>"; };
		97E7883215B4606B00F0FD4F /* FBRequestBlockDelegate.h */ = {isa = PBXFileReference; fileEncoding = 4; lastKnownFileType = sourcecode.c.h; path = FBRequestBlockDelegate.h; sourceTree = "<group>"; };
		97E7883315B4606B00F0FD4F /* FBRequestBlockDelegate.m */ = {isa = PBXFileReference; fileEncoding = 4; lastKnownFileType = sourcecode.c.objc; path = FBRequestBlockDelegate.m; sourceTree = "<group>"; };
		97E7883615B84C3000F0FD4F /* ControllerHelper.h */ = {isa = PBXFileReference; fileEncoding = 4; lastKnownFileType = sourcecode.c.h; path = ControllerHelper.h; sourceTree = "<group>"; };
		97E7883715B84C3000F0FD4F /* ControllerHelper.m */ = {isa = PBXFileReference; fileEncoding = 4; lastKnownFileType = sourcecode.c.objc; path = ControllerHelper.m; sourceTree = "<group>"; };
		97E7885315B9EB3C00F0FD4F /* RegisterViewController.h */ = {isa = PBXFileReference; fileEncoding = 4; lastKnownFileType = sourcecode.c.h; path = RegisterViewController.h; sourceTree = "<group>"; };
		97E7885415B9EB3E00F0FD4F /* RegisterViewController.m */ = {isa = PBXFileReference; fileEncoding = 4; lastKnownFileType = sourcecode.c.objc; path = RegisterViewController.m; sourceTree = "<group>"; };
		97F42E6815A3428000EACD05 /* myGreatApp.app */ = {isa = PBXFileReference; explicitFileType = wrapper.application; includeInIndex = 0; path = myGreatApp.app; sourceTree = BUILT_PRODUCTS_DIR; };
		97F42E6C15A3428000EACD05 /* UIKit.framework */ = {isa = PBXFileReference; lastKnownFileType = wrapper.framework; name = UIKit.framework; path = System/Library/Frameworks/UIKit.framework; sourceTree = SDKROOT; };
		97F42E6E15A3428000EACD05 /* Foundation.framework */ = {isa = PBXFileReference; lastKnownFileType = wrapper.framework; name = Foundation.framework; path = System/Library/Frameworks/Foundation.framework; sourceTree = SDKROOT; };
		97F42E7015A3428000EACD05 /* CoreGraphics.framework */ = {isa = PBXFileReference; lastKnownFileType = wrapper.framework; name = CoreGraphics.framework; path = System/Library/Frameworks/CoreGraphics.framework; sourceTree = SDKROOT; };
		97F42E7415A3428000EACD05 /* myGreatApp-Info.plist */ = {isa = PBXFileReference; lastKnownFileType = text.plist.xml; path = "myGreatApp-Info.plist"; sourceTree = "<group>"; };
		97F42E7615A3428000EACD05 /* en */ = {isa = PBXFileReference; lastKnownFileType = text.plist.strings; name = en; path = en.lproj/InfoPlist.strings; sourceTree = "<group>"; };
		97F42E7815A3428000EACD05 /* main.m */ = {isa = PBXFileReference; lastKnownFileType = sourcecode.c.objc; path = main.m; sourceTree = "<group>"; };
		97F42E7A15A3428000EACD05 /* myGreatApp-Prefix.pch */ = {isa = PBXFileReference; lastKnownFileType = sourcecode.c.h; path = "myGreatApp-Prefix.pch"; sourceTree = "<group>"; };
		97F42E7B15A3428000EACD05 /* AppDelegate.h */ = {isa = PBXFileReference; lastKnownFileType = sourcecode.c.h; path = AppDelegate.h; sourceTree = "<group>"; };
		97F42E7C15A3428000EACD05 /* AppDelegate.m */ = {isa = PBXFileReference; lastKnownFileType = sourcecode.c.objc; path = AppDelegate.m; sourceTree = "<group>"; };
		97F42E7F15A3428000EACD05 /* en */ = {isa = PBXFileReference; lastKnownFileType = file.storyboard; name = en; path = en.lproj/MainStoryboard.storyboard; sourceTree = "<group>"; };
		97F42E8115A3428000EACD05 /* SearchViewController.h */ = {isa = PBXFileReference; lastKnownFileType = sourcecode.c.h; path = SearchViewController.h; sourceTree = "<group>"; };
		97F42E8215A3428000EACD05 /* SearchViewController.m */ = {isa = PBXFileReference; lastKnownFileType = sourcecode.c.objc; path = SearchViewController.m; sourceTree = "<group>"; };
		97F42E8915A3428000EACD05 /* myGreatAppTests.octest */ = {isa = PBXFileReference; explicitFileType = wrapper.cfbundle; includeInIndex = 0; path = myGreatAppTests.octest; sourceTree = BUILT_PRODUCTS_DIR; };
		97F42E8A15A3428000EACD05 /* SenTestingKit.framework */ = {isa = PBXFileReference; lastKnownFileType = wrapper.framework; name = SenTestingKit.framework; path = Library/Frameworks/SenTestingKit.framework; sourceTree = DEVELOPER_DIR; };
		97F42E9215A3428000EACD05 /* myGreatAppTests-Info.plist */ = {isa = PBXFileReference; lastKnownFileType = text.plist.xml; path = "myGreatAppTests-Info.plist"; sourceTree = "<group>"; };
		97F42E9415A3428000EACD05 /* en */ = {isa = PBXFileReference; lastKnownFileType = text.plist.strings; name = en; path = en.lproj/InfoPlist.strings; sourceTree = "<group>"; };
		97F42E9615A3428000EACD05 /* myGreatAppTests.h */ = {isa = PBXFileReference; lastKnownFileType = sourcecode.c.h; path = myGreatAppTests.h; sourceTree = "<group>"; };
		97F42E9715A3428000EACD05 /* myGreatAppTests.m */ = {isa = PBXFileReference; lastKnownFileType = sourcecode.c.objc; path = myGreatAppTests.m; sourceTree = "<group>"; };
		97F42EB015A4541D00EACD05 /* Localisation.h */ = {isa = PBXFileReference; fileEncoding = 4; lastKnownFileType = sourcecode.c.h; path = Localisation.h; sourceTree = "<group>"; };
		97F42EB115A4541D00EACD05 /* Localisation.m */ = {isa = PBXFileReference; fileEncoding = 4; lastKnownFileType = sourcecode.c.objc; path = Localisation.m; sourceTree = "<group>"; };
		97F42EB615A4789F00EACD05 /* PayingLocalisationCell.h */ = {isa = PBXFileReference; fileEncoding = 4; lastKnownFileType = sourcecode.c.h; path = PayingLocalisationCell.h; sourceTree = "<group>"; };
		97F42EB715A4789F00EACD05 /* PayingLocalisationCell.m */ = {isa = PBXFileReference; fileEncoding = 4; lastKnownFileType = sourcecode.c.objc; path = PayingLocalisationCell.m; sourceTree = "<group>"; };
		97F42EF615A4BD3100EACD05 /* CFNetwork.framework */ = {isa = PBXFileReference; lastKnownFileType = wrapper.framework; name = CFNetwork.framework; path = System/Library/Frameworks/CFNetwork.framework; sourceTree = SDKROOT; };
		97F42EF815A4BE4200EACD05 /* SystemConfiguration.framework */ = {isa = PBXFileReference; lastKnownFileType = wrapper.framework; name = SystemConfiguration.framework; path = System/Library/Frameworks/SystemConfiguration.framework; sourceTree = SDKROOT; };
		97F8156E15AECB09008DEB30 /* SelectSearchViewController.h */ = {isa = PBXFileReference; fileEncoding = 4; lastKnownFileType = sourcecode.c.h; path = SelectSearchViewController.h; sourceTree = "<group>"; };
		97F8156F15AECB09008DEB30 /* SelectSearchViewController.m */ = {isa = PBXFileReference; fileEncoding = 4; lastKnownFileType = sourcecode.c.objc; path = SelectSearchViewController.m; sourceTree = "<group>"; };
		97F8157215AECB79008DEB30 /* SearchCriteria.h */ = {isa = PBXFileReference; fileEncoding = 4; lastKnownFileType = sourcecode.c.h; path = SearchCriteria.h; sourceTree = "<group>"; };
		97F8157315AECB79008DEB30 /* SearchCriteria.m */ = {isa = PBXFileReference; fileEncoding = 4; lastKnownFileType = sourcecode.c.objc; path = SearchCriteria.m; sourceTree = "<group>"; };
		97F815BC15AF1DAD008DEB30 /* Facebook.h */ = {isa = PBXFileReference; fileEncoding = 4; lastKnownFileType = sourcecode.c.h; path = Facebook.h; sourceTree = "<group>"; };
		97F815BD15AF1DAD008DEB30 /* FBConnect.h */ = {isa = PBXFileReference; fileEncoding = 4; lastKnownFileType = sourcecode.c.h; path = FBConnect.h; sourceTree = "<group>"; };
		97F815BE15AF1DAD008DEB30 /* FBDialog.bundle */ = {isa = PBXFileReference; lastKnownFileType = "wrapper.plug-in"; path = FBDialog.bundle; sourceTree = "<group>"; };
		97F815BF15AF1DAD008DEB30 /* FBDialog.h */ = {isa = PBXFileReference; fileEncoding = 4; lastKnownFileType = sourcecode.c.h; path = FBDialog.h; sourceTree = "<group>"; };
		97F815C015AF1DAD008DEB30 /* FBFrictionlessRequestSettings.h */ = {isa = PBXFileReference; fileEncoding = 4; lastKnownFileType = sourcecode.c.h; path = FBFrictionlessRequestSettings.h; sourceTree = "<group>"; };
		97F815C115AF1DAD008DEB30 /* FBLoginDialog.h */ = {isa = PBXFileReference; fileEncoding = 4; lastKnownFileType = sourcecode.c.h; path = FBLoginDialog.h; sourceTree = "<group>"; };
		97F815C215AF1DAD008DEB30 /* FBRequest.h */ = {isa = PBXFileReference; fileEncoding = 4; lastKnownFileType = sourcecode.c.h; path = FBRequest.h; sourceTree = "<group>"; };
		97F815C315AF1DAD008DEB30 /* JSON.h */ = {isa = PBXFileReference; fileEncoding = 4; lastKnownFileType = sourcecode.c.h; path = JSON.h; sourceTree = "<group>"; };
		97F815C415AF1DAD008DEB30 /* libfacebook_ios_sdk.a */ = {isa = PBXFileReference; lastKnownFileType = archive.ar; path = libfacebook_ios_sdk.a; sourceTree = "<group>"; };
		97F815C515AF1DAD008DEB30 /* NSObject+SBJSON.h */ = {isa = PBXFileReference; fileEncoding = 4; lastKnownFileType = sourcecode.c.h; path = "NSObject+SBJSON.h"; sourceTree = "<group>"; };
		97F815C615AF1DAD008DEB30 /* NSString+SBJSON.h */ = {isa = PBXFileReference; fileEncoding = 4; lastKnownFileType = sourcecode.c.h; path = "NSString+SBJSON.h"; sourceTree = "<group>"; };
		97F815C715AF1DAD008DEB30 /* SBJSON.h */ = {isa = PBXFileReference; fileEncoding = 4; lastKnownFileType = sourcecode.c.h; path = SBJSON.h; sourceTree = "<group>"; };
		97F815C815AF1DAD008DEB30 /* SBJsonBase.h */ = {isa = PBXFileReference; fileEncoding = 4; lastKnownFileType = sourcecode.c.h; path = SBJsonBase.h; sourceTree = "<group>"; };
		97F815C915AF1DAD008DEB30 /* SBJsonParser.h */ = {isa = PBXFileReference; fileEncoding = 4; lastKnownFileType = sourcecode.c.h; path = SBJsonParser.h; sourceTree = "<group>"; };
		97F815CA15AF1DAD008DEB30 /* SBJsonWriter.h */ = {isa = PBXFileReference; fileEncoding = 4; lastKnownFileType = sourcecode.c.h; path = SBJsonWriter.h; sourceTree = "<group>"; };
		97F8711215C176C200F248A3 /* Access.h */ = {isa = PBXFileReference; fileEncoding = 4; lastKnownFileType = sourcecode.c.h; path = Access.h; sourceTree = "<group>"; };
		97F8711315C176C200F248A3 /* Access.m */ = {isa = PBXFileReference; fileEncoding = 4; lastKnownFileType = sourcecode.c.objc; path = Access.m; sourceTree = "<group>"; };
		97F8711515C176D600F248A3 /* Feature.h */ = {isa = PBXFileReference; fileEncoding = 4; lastKnownFileType = sourcecode.c.h; path = Feature.h; sourceTree = "<group>"; };
		97F8711615C176D600F248A3 /* Feature.m */ = {isa = PBXFileReference; fileEncoding = 4; lastKnownFileType = sourcecode.c.objc; path = Feature.m; sourceTree = "<group>"; };
		97F8711815C176E700F248A3 /* Image.h */ = {isa = PBXFileReference; fileEncoding = 4; lastKnownFileType = sourcecode.c.h; path = Image.h; sourceTree = "<group>"; };
		97F8711915C176E700F248A3 /* Image.m */ = {isa = PBXFileReference; fileEncoding = 4; lastKnownFileType = sourcecode.c.objc; path = Image.m; sourceTree = "<group>"; };
		97F8712015C1B7A000F248A3 /* ATPagingView.h */ = {isa = PBXFileReference; fileEncoding = 4; lastKnownFileType = sourcecode.c.h; path = ATPagingView.h; sourceTree = "<group>"; };
		97F8712115C1B7A000F248A3 /* ATPagingView.m */ = {isa = PBXFileReference; fileEncoding = 4; lastKnownFileType = sourcecode.c.objc; path = ATPagingView.m; sourceTree = "<group>"; };
		97F87B9215CAEFA2009B111D /* MinPrice.h */ = {isa = PBXFileReference; fileEncoding = 4; lastKnownFileType = sourcecode.c.h; path = MinPrice.h; sourceTree = "<group>"; };
		97F87B9315CAEFA2009B111D /* MinPrice.m */ = {isa = PBXFileReference; fileEncoding = 4; lastKnownFileType = sourcecode.c.objc; path = MinPrice.m; sourceTree = "<group>"; };
		97FBDF2E15C98BE6007A5316 /* OffersSummary.h */ = {isa = PBXFileReference; fileEncoding = 4; lastKnownFileType = sourcecode.c.h; path = OffersSummary.h; sourceTree = "<group>"; };
		97FBDF2F15C98BE6007A5316 /* OffersSummary.m */ = {isa = PBXFileReference; fileEncoding = 4; lastKnownFileType = sourcecode.c.objc; path = OffersSummary.m; sourceTree = "<group>"; };
		97FD7E6A15BDC76200815752 /* Price.h */ = {isa = PBXFileReference; fileEncoding = 4; lastKnownFileType = sourcecode.c.h; path = Price.h; sourceTree = "<group>"; };
		97FD7E6B15BDC76200815752 /* Price.m */ = {isa = PBXFileReference; fileEncoding = 4; lastKnownFileType = sourcecode.c.objc; path = Price.m; sourceTree = "<group>"; };
		97FD7E6E15BDC76F00815752 /* Comment.h */ = {isa = PBXFileReference; fileEncoding = 4; lastKnownFileType = sourcecode.c.h; path = Comment.h; sourceTree = "<group>"; };
		97FD7E6F15BDC76F00815752 /* Comment.m */ = {isa = PBXFileReference; fileEncoding = 4; lastKnownFileType = sourcecode.c.objc; path = Comment.m; sourceTree = "<group>"; };
		97FD7E7115BDC77E00815752 /* Offer.h */ = {isa = PBXFileReference; fileEncoding = 4; lastKnownFileType = sourcecode.c.h; path = Offer.h; sourceTree = "<group>"; };
		97FD7E7215BDC77E00815752 /* Offer.m */ = {isa = PBXFileReference; fileEncoding = 4; lastKnownFileType = sourcecode.c.objc; path = Offer.m; sourceTree = "<group>"; };
		97FD7E7415BDC79500815752 /* OpeningTimes.h */ = {isa = PBXFileReference; fileEncoding = 4; lastKnownFileType = sourcecode.c.h; path = OpeningTimes.h; sourceTree = "<group>"; };
		97FD7E7515BDC79500815752 /* OpeningTimes.m */ = {isa = PBXFileReference; fileEncoding = 4; lastKnownFileType = sourcecode.c.objc; path = OpeningTimes.m; sourceTree = "<group>"; };
		97FD7E7715BDC7A000815752 /* Member.h */ = {isa = PBXFileReference; fileEncoding = 4; lastKnownFileType = sourcecode.c.h; path = Member.h; sourceTree = "<group>"; };
		97FD7E7815BDC7A000815752 /* Member.m */ = {isa = PBXFileReference; fileEncoding = 4; lastKnownFileType = sourcecode.c.objc; path = Member.m; sourceTree = "<group>"; };
		97FD7E8115BEF59B00815752 /* DescriptionViewController.h */ = {isa = PBXFileReference; fileEncoding = 4; lastKnownFileType = sourcecode.c.h; path = DescriptionViewController.h; sourceTree = "<group>"; };
		97FD7E8215BEF59C00815752 /* DescriptionViewController.m */ = {isa = PBXFileReference; fileEncoding = 4; lastKnownFileType = sourcecode.c.objc; path = DescriptionViewController.m; sourceTree = "<group>"; };
		97FD7E8C15C011FC00815752 /* GalleryViewController.h */ = {isa = PBXFileReference; fileEncoding = 4; lastKnownFileType = sourcecode.c.h; path = GalleryViewController.h; sourceTree = "<group>"; };
		97FD7E8D15C011FD00815752 /* GalleryViewController.m */ = {isa = PBXFileReference; fileEncoding = 4; lastKnownFileType = sourcecode.c.objc; path = GalleryViewController.m; sourceTree = "<group>"; };
/* End PBXFileReference section */

/* Begin PBXFrameworksBuildPhase section */
		97F42E6515A3428000EACD05 /* Frameworks */ = {
			isa = PBXFrameworksBuildPhase;
			buildActionMask = 2147483647;
			files = (
				9780D10D15A8A2CB00311B30 /* CoreLocation.framework in Frameworks */,
				9780D10815A88F6000311B30 /* MapKit.framework in Frameworks */,
				9780D0A515A4C54F00311B30 /* Security.framework in Frameworks */,
				97F42EF915A4BE4200EACD05 /* SystemConfiguration.framework in Frameworks */,
				97F42EF715A4BD3100EACD05 /* CFNetwork.framework in Frameworks */,
				97F42E6D15A3428000EACD05 /* UIKit.framework in Frameworks */,
				97F42E6F15A3428000EACD05 /* Foundation.framework in Frameworks */,
				97F42E7115A3428000EACD05 /* CoreGraphics.framework in Frameworks */,
				97F815CC15AF1DAD008DEB30 /* libfacebook_ios_sdk.a in Frameworks */,
			);
			runOnlyForDeploymentPostprocessing = 0;
		};
		97F42E8515A3428000EACD05 /* Frameworks */ = {
			isa = PBXFrameworksBuildPhase;
			buildActionMask = 2147483647;
			files = (
				97F42E8B15A3428000EACD05 /* SenTestingKit.framework in Frameworks */,
				97F42E8C15A3428000EACD05 /* UIKit.framework in Frameworks */,
				97F42E8D15A3428000EACD05 /* Foundation.framework in Frameworks */,
			);
			runOnlyForDeploymentPostprocessing = 0;
		};
/* End PBXFrameworksBuildPhase section */

/* Begin PBXGroup section */
		9780D14B15A8E18C00311B30 /* Libraries */ = {
			isa = PBXGroup;
			children = (
				97F8711F15C1B77900F248A3 /* ATPagingView */,
				97F815BB15AF1DAD008DEB30 /* facebook-ios-sdk */,
				9780D15315A8E30D00311B30 /* MKNetworkKit */,
				9780D14C15A8E18D00311B30 /* Jastor */,
			);
			path = Libraries;
			sourceTree = "<group>";
		};
		9780D14C15A8E18D00311B30 /* Jastor */ = {
			isa = PBXGroup;
			children = (
				9780D14D15A8E18D00311B30 /* Jastor.h */,
				9780D14E15A8E18D00311B30 /* Jastor.m */,
				9780D14F15A8E18D00311B30 /* JastorRuntimeHelper.h */,
				9780D15015A8E18D00311B30 /* JastorRuntimeHelper.m */,
			);
			path = Jastor;
			sourceTree = "<group>";
		};
		9780D15315A8E30D00311B30 /* MKNetworkKit */ = {
			isa = PBXGroup;
			children = (
				9780D15415A8E30D00311B30 /* Categories */,
				9780D16115A8E30D00311B30 /* MKNetworkEngine.h */,
				9780D16215A8E30D00311B30 /* MKNetworkEngine.m */,
				9780D16315A8E30D00311B30 /* MKNetworkKit.h */,
				9780D16415A8E30D00311B30 /* MKNetworkOperation.h */,
				9780D16515A8E30D00311B30 /* MKNetworkOperation.m */,
				9780D16615A8E30D00311B30 /* Reachability */,
			);
			path = MKNetworkKit;
			sourceTree = "<group>";
		};
		9780D15415A8E30D00311B30 /* Categories */ = {
			isa = PBXGroup;
			children = (
				9780D15515A8E30D00311B30 /* NSAlert+MKNetworkKitAdditions.h */,
				9780D15615A8E30D00311B30 /* NSAlert+MKNetworkKitAdditions.m */,
				9780D15715A8E30D00311B30 /* NSData+Base64.h */,
				9780D15815A8E30D00311B30 /* NSData+Base64.m */,
				9780D15915A8E30D00311B30 /* NSDate+RFC1123.h */,
				9780D15A15A8E30D00311B30 /* NSDate+RFC1123.m */,
				9780D15B15A8E30D00311B30 /* NSDictionary+RequestEncoding.h */,
				9780D15C15A8E30D00311B30 /* NSDictionary+RequestEncoding.m */,
				9780D15D15A8E30D00311B30 /* NSString+MKNetworkKitAdditions.h */,
				9780D15E15A8E30D00311B30 /* NSString+MKNetworkKitAdditions.m */,
				9780D15F15A8E30D00311B30 /* UIAlertView+MKNetworkKitAdditions.h */,
				9780D16015A8E30D00311B30 /* UIAlertView+MKNetworkKitAdditions.m */,
			);
			path = Categories;
			sourceTree = "<group>";
		};
		9780D16615A8E30D00311B30 /* Reachability */ = {
			isa = PBXGroup;
			children = (
				9780D16715A8E30D00311B30 /* Reachability.h */,
				9780D16815A8E30D00311B30 /* Reachability.m */,
			);
			path = Reachability;
			sourceTree = "<group>";
		};
		978DE54315C7020E00270B1A /* Offer */ = {
			isa = PBXGroup;
			children = (
				978DE53D15C701D000270B1A /* OfferListViewController.h */,
				978DE53E15C701D000270B1A /* OfferListViewController.m */,
				978DE54015C7020500270B1A /* OfferViewController.h */,
				978DE54115C7020500270B1A /* OfferViewController.m */,
			);
			name = Offer;
			sourceTree = "<group>";
		};
		97A0522615C42AC70047EDD7 /* Controllers */ = {
			isa = PBXGroup;
			children = (
				97A0522715C42AE10047EDD7 /* Profil */,
				97A0522815C42AFD0047EDD7 /* Search */,
				97A0522915C42B0B0047EDD7 /* Localisation */,
				978DE54315C7020E00270B1A /* Offer */,
			);
			name = Controllers;
			sourceTree = "<group>";
		};
		97A0522715C42AE10047EDD7 /* Profil */ = {
			isa = PBXGroup;
			children = (
				974118FF15AF279C00939706 /* ProfilViewController.h */,
				9741190015AF279C00939706 /* ProfilViewController.m */,
				9741190515AF41B400939706 /* LoginViewController.h */,
				9741190615AF41B400939706 /* LoginViewController.m */,
				97E7885315B9EB3C00F0FD4F /* RegisterViewController.h */,
				97E7885415B9EB3E00F0FD4F /* RegisterViewController.m */,
				97E7882C15B3712A00F0FD4F /* DashboardViewController.h */,
				97E7882D15B3712A00F0FD4F /* DashboardViewController.m */,
			);
			name = Profil;
			sourceTree = "<group>";
		};
		97A0522815C42AFD0047EDD7 /* Search */ = {
			isa = PBXGroup;
			children = (
				97F42E8115A3428000EACD05 /* SearchViewController.h */,
				97F42E8215A3428000EACD05 /* SearchViewController.m */,
				97F8156E15AECB09008DEB30 /* SelectSearchViewController.h */,
				97F8156F15AECB09008DEB30 /* SelectSearchViewController.m */,
				97A0522315C424500047EDD7 /* OrderByViewController.h */,
				97A0522415C424500047EDD7 /* OrderByViewController.m */,
				97A0522A15C46B0A0047EDD7 /* SelectRadiusViewController.h */,
				97A0522B15C46B0A0047EDD7 /* SelectRadiusViewController.m */,
				97A0522D15C475FA0047EDD7 /* SelectTypeViewController.h */,
				97A0522E15C475FA0047EDD7 /* SelectTypeViewController.m */,
				97027EA615AB238E00466D8E /* ResultViewController.h */,
				97027EA715AB238E00466D8E /* ResultViewController.m */,
			);
			name = Search;
			sourceTree = "<group>";
		};
		97A0522915C42B0B0047EDD7 /* Localisation */ = {
			isa = PBXGroup;
			children = (
				978DE53A15C6E02D00270B1A /* DetailViewController.h */,
				978DE53B15C6E02E00270B1A /* DetailViewController.m */,
				97FD7E8115BEF59B00815752 /* DescriptionViewController.h */,
				97FD7E8215BEF59C00815752 /* DescriptionViewController.m */,
				97FD7E8C15C011FC00815752 /* GalleryViewController.h */,
				97FD7E8D15C011FD00815752 /* GalleryViewController.m */,
			);
			name = Localisation;
			sourceTree = "<group>";
		};
		97A0523015C54F2F0047EDD7 /* Data */ = {
			isa = PBXGroup;
			children = (
				97FD7E7715BDC7A000815752 /* Member.h */,
				97FD7E7815BDC7A000815752 /* Member.m */,
				97FD7E6E15BDC76F00815752 /* Comment.h */,
				97FD7E6F15BDC76F00815752 /* Comment.m */,
				97F8711515C176D600F248A3 /* Feature.h */,
				97F8711615C176D600F248A3 /* Feature.m */,
				97F8711815C176E700F248A3 /* Image.h */,
				97F8711915C176E700F248A3 /* Image.m */,
				97FD7E7115BDC77E00815752 /* Offer.h */,
				97FD7E7215BDC77E00815752 /* Offer.m */,
				97FBDF2E15C98BE6007A5316 /* OffersSummary.h */,
				97FBDF2F15C98BE6007A5316 /* OffersSummary.m */,
				97FD7E7415BDC79500815752 /* OpeningTimes.h */,
				97FD7E7515BDC79500815752 /* OpeningTimes.m */,
				97F8711215C176C200F248A3 /* Access.h */,
				97F8711315C176C200F248A3 /* Access.m */,
				97FD7E6A15BDC76200815752 /* Price.h */,
				97FD7E6B15BDC76200815752 /* Price.m */,
				97F87B9215CAEFA2009B111D /* MinPrice.h */,
				97F87B9315CAEFA2009B111D /* MinPrice.m */,
				97F42EB015A4541D00EACD05 /* Localisation.h */,
				97F42EB115A4541D00EACD05 /* Localisation.m */,
				97F8157215AECB79008DEB30 /* SearchCriteria.h */,
				97F8157315AECB79008DEB30 /* SearchCriteria.m */,
			);
			name = Data;
			sourceTree = "<group>";
		};
		97E7883515B84C0600F0FD4F /* Helpers */ = {
			isa = PBXGroup;
			children = (
				97E7883615B84C3000F0FD4F /* ControllerHelper.h */,
				97E7883715B84C3000F0FD4F /* ControllerHelper.m */,
			);
			name = Helpers;
			sourceTree = "<group>";
		};
		97F42E5D15A3428000EACD05 = {
			isa = PBXGroup;
			children = (
				97F8157515AEDA4B008DEB30 /* Resources */,
				97F42E7215A3428000EACD05 /* myGreatApp */,
				97F42E9015A3428000EACD05 /* myGreatAppTests */,
				97F42E6B15A3428000EACD05 /* Frameworks */,
				97F42E6915A3428000EACD05 /* Products */,
			);
			sourceTree = "<group>";
		};
		97F42E6915A3428000EACD05 /* Products */ = {
			isa = PBXGroup;
			children = (
				97F42E6815A3428000EACD05 /* myGreatApp.app */,
				97F42E8915A3428000EACD05 /* myGreatAppTests.octest */,
			);
			name = Products;
			sourceTree = "<group>";
		};
		97F42E6B15A3428000EACD05 /* Frameworks */ = {
			isa = PBXGroup;
			children = (
				9780D10C15A8A2CA00311B30 /* CoreLocation.framework */,
				9780D10715A88F5F00311B30 /* MapKit.framework */,
				9780D0A415A4C54F00311B30 /* Security.framework */,
				97F42EF815A4BE4200EACD05 /* SystemConfiguration.framework */,
				97F42EF615A4BD3100EACD05 /* CFNetwork.framework */,
				97F42E6C15A3428000EACD05 /* UIKit.framework */,
				97F42E6E15A3428000EACD05 /* Foundation.framework */,
				97F42E7015A3428000EACD05 /* CoreGraphics.framework */,
				97F42E8A15A3428000EACD05 /* SenTestingKit.framework */,
			);
			name = Frameworks;
			sourceTree = "<group>";
		};
		97F42E7215A3428000EACD05 /* myGreatApp */ = {
			isa = PBXGroup;
			children = (
				97E7883515B84C0600F0FD4F /* Helpers */,
				97F8158015AEF6A0008DEB30 /* Model */,
				97F8158215AEF6BD008DEB30 /* Controls */,
				97F42E7B15A3428000EACD05 /* AppDelegate.h */,
				97F42E7C15A3428000EACD05 /* AppDelegate.m */,
				97F42E7E15A3428000EACD05 /* MainStoryboard.storyboard */,
				97A0522615C42AC70047EDD7 /* Controllers */,
				9780D14B15A8E18C00311B30 /* Libraries */,
				97F42E7315A3428000EACD05 /* Supporting Files */,
			);
			path = myGreatApp;
			sourceTree = "<group>";
		};
		97F42E7315A3428000EACD05 /* Supporting Files */ = {
			isa = PBXGroup;
			children = (
				97F42E7415A3428000EACD05 /* myGreatApp-Info.plist */,
				97F42E7515A3428000EACD05 /* InfoPlist.strings */,
				97F42E7815A3428000EACD05 /* main.m */,
				97F42E7A15A3428000EACD05 /* myGreatApp-Prefix.pch */,
			);
			name = "Supporting Files";
			sourceTree = "<group>";
		};
		97F42E9015A3428000EACD05 /* myGreatAppTests */ = {
			isa = PBXGroup;
			children = (
				97F42E9615A3428000EACD05 /* myGreatAppTests.h */,
				97F42E9715A3428000EACD05 /* myGreatAppTests.m */,
				97F42E9115A3428000EACD05 /* Supporting Files */,
			);
			path = myGreatAppTests;
			sourceTree = "<group>";
		};
		97F42E9115A3428000EACD05 /* Supporting Files */ = {
			isa = PBXGroup;
			children = (
				97F42E9215A3428000EACD05 /* myGreatAppTests-Info.plist */,
				97F42E9315A3428000EACD05 /* InfoPlist.strings */,
			);
			name = "Supporting Files";
			sourceTree = "<group>";
		};
		97F8157515AEDA4B008DEB30 /* Resources */ = {
			isa = PBXGroup;
			children = (
				976D3B2E15D17A4800C5DAF0 /* city-logo-sel.png */,
				976D3B2F15D17A4800C5DAF0 /* city-logo.png */,
				976D3B3015D17A4800C5DAF0 /* coffee-logo-sel.png */,
				976D3B3115D17A4800C5DAF0 /* coffee-logo.png */,
				976D3B3215D17A4800C5DAF0 /* desktop-logo-sel.png */,
				976D3B3315D17A4800C5DAF0 /* desktop-logo.png */,
				976D3B3415D17A4800C5DAF0 /* distance-logo-sel.png */,
				976D3B3515D17A4800C5DAF0 /* distance-logo.png */,
				976D3B3615D17A4800C5DAF0 /* handicap-logo-sel.png */,
				976D3B3715D17A4800C5DAF0 /* handicap-logo.png */,
				976D3B3815D17A4800C5DAF0 /* list-arrow-sel.png */,
				976D3B3915D17A4800C5DAF0 /* list-arrow.png */,
				976D3B3A15D17A4800C5DAF0 /* list-bng-sel.png */,
				976D3B3B15D17A4800C5DAF0 /* list-bng.png */,
				976D3B3C15D17A4800C5DAF0 /* meeting-logo-sel.png */,
				976D3B3D15D17A4800C5DAF0 /* meeting-logo.png */,
				976D3B3E15D17A4800C5DAF0 /* nav-back.png */,
				976D3B3F15D17A4800C5DAF0 /* nav-bar.png */,
				976D3B4015D17A4800C5DAF0 /* nav-button.png */,
				976D3B4115D17A4800C5DAF0 /* park-logo-sel.png */,
				976D3B4215D17A4800C5DAF0 /* park-logo.png */,
				976D3B4315D17A4800C5DAF0 /* rating-0-sel.png */,
				976D3B4415D17A4800C5DAF0 /* rating-0.png */,
				976D3B4515D17A4800C5DAF0 /* rating-1-sel.png */,
				976D3B4615D17A4800C5DAF0 /* rating-1.png */,
				976D3B4715D17A4800C5DAF0 /* rating-2-sel.png */,
				976D3B4815D17A4800C5DAF0 /* rating-2.png */,
				976D3B4915D17A4800C5DAF0 /* rating-3-sel.png */,
				976D3B4A15D17A4800C5DAF0 /* rating-3.png */,
				976D3B4B15D17A4800C5DAF0 /* rating-4-sel.png */,
				976D3B4C15D17A4800C5DAF0 /* rating-4.png */,
				976D3B4D15D17A4800C5DAF0 /* rating-5-sel.png */,
				976D3B4E15D17A4800C5DAF0 /* rating-5.png */,
				976D3B4F15D17A4800C5DAF0 /* resto-logo-sel.png */,
				976D3B5015D17A4800C5DAF0 /* resto-logo.png */,
				976D3B5115D17A4800C5DAF0 /* tool-criteria-logo.png */,
				976D3B5215D17A4800C5DAF0 /* tool-orderby-logo.png */,
				976D3B5315D17A4800C5DAF0 /* tool-radius-logo.png */,
				976D3B5415D17A4800C5DAF0 /* tools-btn-bng.png */,
				976D3B5515D17A4800C5DAF0 /* wifi-logo-sel.png */,
				976D3B5615D17A4800C5DAF0 /* wifi-logo.png */,
				978DE52D15C6993000270B1A /* desktop_u.png */,
				978DE52E15C6993000270B1A /* desktop.png */,
				978DE52F15C6993000270B1A /* freeplaces_u.png */,
				978DE53015C6993000270B1A /* freeplaces.png */,
				978DE53115C6993100270B1A /* meetingroom_u.png */,
				978DE53215C6993100270B1A /* meetingroom.png */,
			);
			name = Resources;
			sourceTree = "<group>";
		};
		97F8158015AEF6A0008DEB30 /* Model */ = {
			isa = PBXGroup;
			children = (
				97A0523015C54F2F0047EDD7 /* Data */,
				97E7883215B4606B00F0FD4F /* FBRequestBlockDelegate.h */,
				97E7883315B4606B00F0FD4F /* FBRequestBlockDelegate.m */,
				9780D0C815A7182C00311B30 /* LocalisationEngine.h */,
				9780D0C915A7182C00311B30 /* LocalisationEngine.m */,
				9741190815AF48A400939706 /* LoginSession.h */,
				9741190915AF48A400939706 /* LoginSession.m */,
			);
			name = Model;
			sourceTree = "<group>";
		};
		97F8158215AEF6BD008DEB30 /* Controls */ = {
			isa = PBXGroup;
			children = (
				9780D10E15A8BDDF00311B30 /* LocalisationAnnotation.h */,
				9780D10F15A8BDE000311B30 /* LocalisationAnnotation.m */,
				976D3B2B15D15F9400C5DAF0 /* LocalisationCell.h */,
				976D3B2C15D15F9400C5DAF0 /* LocalisationCell.m */,
				97A0521F15C2B1A80047EDD7 /* FreeLocalisationCell.h */,
				97A0522015C2B1A80047EDD7 /* FreeLocalisationCell.m */,
				97F42EB615A4789F00EACD05 /* PayingLocalisationCell.h */,
				97F42EB715A4789F00EACD05 /* PayingLocalisationCell.m */,
				97E7882815B357D400F0FD4F /* NoAnimSegue.h */,
				97E7882915B357D400F0FD4F /* NoAnimSegue.m */,
			);
			name = Controls;
			sourceTree = "<group>";
		};
		97F815BB15AF1DAD008DEB30 /* facebook-ios-sdk */ = {
			isa = PBXGroup;
			children = (
				9741190315AF30FC00939706 /* FBConnect.bundle */,
				97F815BC15AF1DAD008DEB30 /* Facebook.h */,
				97F815BD15AF1DAD008DEB30 /* FBConnect.h */,
				97F815BE15AF1DAD008DEB30 /* FBDialog.bundle */,
				97F815BF15AF1DAD008DEB30 /* FBDialog.h */,
				97F815C015AF1DAD008DEB30 /* FBFrictionlessRequestSettings.h */,
				97F815C115AF1DAD008DEB30 /* FBLoginDialog.h */,
				97F815C215AF1DAD008DEB30 /* FBRequest.h */,
				97F815C315AF1DAD008DEB30 /* JSON.h */,
				97F815C415AF1DAD008DEB30 /* libfacebook_ios_sdk.a */,
				97F815C515AF1DAD008DEB30 /* NSObject+SBJSON.h */,
				97F815C615AF1DAD008DEB30 /* NSString+SBJSON.h */,
				97F815C715AF1DAD008DEB30 /* SBJSON.h */,
				97F815C815AF1DAD008DEB30 /* SBJsonBase.h */,
				97F815C915AF1DAD008DEB30 /* SBJsonParser.h */,
				97F815CA15AF1DAD008DEB30 /* SBJsonWriter.h */,
			);
			path = "facebook-ios-sdk";
			sourceTree = "<group>";
		};
		97F8711F15C1B77900F248A3 /* ATPagingView */ = {
			isa = PBXGroup;
			children = (
				97F8712015C1B7A000F248A3 /* ATPagingView.h */,
				97F8712115C1B7A000F248A3 /* ATPagingView.m */,
			);
			name = ATPagingView;
			sourceTree = "<group>";
		};
/* End PBXGroup section */

/* Begin PBXNativeTarget section */
		97F42E6715A3428000EACD05 /* myGreatApp */ = {
			isa = PBXNativeTarget;
			buildConfigurationList = 97F42E9B15A3428000EACD05 /* Build configuration list for PBXNativeTarget "myGreatApp" */;
			buildPhases = (
				97F42E6415A3428000EACD05 /* Sources */,
				97F42E6515A3428000EACD05 /* Frameworks */,
				97F42E6615A3428000EACD05 /* Resources */,
			);
			buildRules = (
			);
			dependencies = (
			);
			name = myGreatApp;
			productName = myGreatApp;
			productReference = 97F42E6815A3428000EACD05 /* myGreatApp.app */;
			productType = "com.apple.product-type.application";
		};
		97F42E8815A3428000EACD05 /* myGreatAppTests */ = {
			isa = PBXNativeTarget;
			buildConfigurationList = 97F42E9E15A3428000EACD05 /* Build configuration list for PBXNativeTarget "myGreatAppTests" */;
			buildPhases = (
				97F42E8415A3428000EACD05 /* Sources */,
				97F42E8515A3428000EACD05 /* Frameworks */,
				97F42E8615A3428000EACD05 /* Resources */,
				97F42E8715A3428000EACD05 /* ShellScript */,
			);
			buildRules = (
			);
			dependencies = (
				97F42E8F15A3428000EACD05 /* PBXTargetDependency */,
			);
			name = myGreatAppTests;
			productName = myGreatAppTests;
			productReference = 97F42E8915A3428000EACD05 /* myGreatAppTests.octest */;
			productType = "com.apple.product-type.bundle";
		};
/* End PBXNativeTarget section */

/* Begin PBXProject section */
		97F42E5F15A3428000EACD05 /* Project object */ = {
			isa = PBXProject;
			attributes = {
				LastUpgradeCheck = 0440;
			};
			buildConfigurationList = 97F42E6215A3428000EACD05 /* Build configuration list for PBXProject "myGreatApp" */;
			compatibilityVersion = "Xcode 3.2";
			developmentRegion = English;
			hasScannedForEncodings = 0;
			knownRegions = (
				en,
			);
			mainGroup = 97F42E5D15A3428000EACD05;
			productRefGroup = 97F42E6915A3428000EACD05 /* Products */;
			projectDirPath = "";
			projectRoot = "";
			targets = (
				97F42E6715A3428000EACD05 /* myGreatApp */,
				97F42E8815A3428000EACD05 /* myGreatAppTests */,
			);
		};
/* End PBXProject section */

/* Begin PBXResourcesBuildPhase section */
		97F42E6615A3428000EACD05 /* Resources */ = {
			isa = PBXResourcesBuildPhase;
			buildActionMask = 2147483647;
			files = (
				97F42E7715A3428000EACD05 /* InfoPlist.strings in Resources */,
				97F42E8015A3428000EACD05 /* MainStoryboard.storyboard in Resources */,
				97F815CB15AF1DAD008DEB30 /* FBDialog.bundle in Resources */,
				9741190415AF30FC00939706 /* FBConnect.bundle in Resources */,
				978DE53315C6993100270B1A /* desktop_u.png in Resources */,
				978DE53415C6993100270B1A /* desktop.png in Resources */,
				978DE53515C6993100270B1A /* freeplaces_u.png in Resources */,
				978DE53615C6993100270B1A /* freeplaces.png in Resources */,
				978DE53715C6993100270B1A /* meetingroom_u.png in Resources */,
				978DE53815C6993100270B1A /* meetingroom.png in Resources */,
				976D3B5715D17A4800C5DAF0 /* city-logo-sel.png in Resources */,
				976D3B5815D17A4800C5DAF0 /* city-logo.png in Resources */,
				976D3B5915D17A4800C5DAF0 /* coffee-logo-sel.png in Resources */,
				976D3B5A15D17A4800C5DAF0 /* coffee-logo.png in Resources */,
				976D3B5B15D17A4800C5DAF0 /* desktop-logo-sel.png in Resources */,
				976D3B5C15D17A4800C5DAF0 /* desktop-logo.png in Resources */,
				976D3B5D15D17A4800C5DAF0 /* distance-logo-sel.png in Resources */,
				976D3B5E15D17A4800C5DAF0 /* distance-logo.png in Resources */,
				976D3B5F15D17A4800C5DAF0 /* handicap-logo-sel.png in Resources */,
				976D3B6015D17A4800C5DAF0 /* handicap-logo.png in Resources */,
				976D3B6115D17A4800C5DAF0 /* list-arrow-sel.png in Resources */,
				976D3B6215D17A4800C5DAF0 /* list-arrow.png in Resources */,
				976D3B6315D17A4800C5DAF0 /* list-bng-sel.png in Resources */,
				976D3B6415D17A4800C5DAF0 /* list-bng.png in Resources */,
				976D3B6515D17A4800C5DAF0 /* meeting-logo-sel.png in Resources */,
				976D3B6615D17A4800C5DAF0 /* meeting-logo.png in Resources */,
				976D3B6715D17A4800C5DAF0 /* nav-back.png in Resources */,
				976D3B6815D17A4800C5DAF0 /* nav-bar.png in Resources */,
				976D3B6915D17A4800C5DAF0 /* nav-button.png in Resources */,
				976D3B6A15D17A4800C5DAF0 /* park-logo-sel.png in Resources */,
				976D3B6B15D17A4800C5DAF0 /* park-logo.png in Resources */,
				976D3B6C15D17A4800C5DAF0 /* rating-0-sel.png in Resources */,
				976D3B6D15D17A4800C5DAF0 /* rating-0.png in Resources */,
				976D3B6E15D17A4800C5DAF0 /* rating-1-sel.png in Resources */,
				976D3B6F15D17A4800C5DAF0 /* rating-1.png in Resources */,
				976D3B7015D17A4800C5DAF0 /* rating-2-sel.png in Resources */,
				976D3B7115D17A4800C5DAF0 /* rating-2.png in Resources */,
				976D3B7215D17A4800C5DAF0 /* rating-3-sel.png in Resources */,
				976D3B7315D17A4800C5DAF0 /* rating-3.png in Resources */,
				976D3B7415D17A4800C5DAF0 /* rating-4-sel.png in Resources */,
				976D3B7515D17A4800C5DAF0 /* rating-4.png in Resources */,
				976D3B7615D17A4800C5DAF0 /* rating-5-sel.png in Resources */,
				976D3B7715D17A4800C5DAF0 /* rating-5.png in Resources */,
				976D3B7815D17A4800C5DAF0 /* resto-logo-sel.png in Resources */,
				976D3B7915D17A4800C5DAF0 /* resto-logo.png in Resources */,
				976D3B7A15D17A4800C5DAF0 /* tool-criteria-logo.png in Resources */,
				976D3B7B15D17A4800C5DAF0 /* tool-orderby-logo.png in Resources */,
				976D3B7C15D17A4800C5DAF0 /* tool-radius-logo.png in Resources */,
				976D3B7D15D17A4800C5DAF0 /* tools-btn-bng.png in Resources */,
				976D3B7E15D17A4800C5DAF0 /* wifi-logo-sel.png in Resources */,
				976D3B7F15D17A4800C5DAF0 /* wifi-logo.png in Resources */,
			);
			runOnlyForDeploymentPostprocessing = 0;
		};
		97F42E8615A3428000EACD05 /* Resources */ = {
			isa = PBXResourcesBuildPhase;
			buildActionMask = 2147483647;
			files = (
				97F42E9515A3428000EACD05 /* InfoPlist.strings in Resources */,
			);
			runOnlyForDeploymentPostprocessing = 0;
		};
/* End PBXResourcesBuildPhase section */

/* Begin PBXShellScriptBuildPhase section */
		97F42E8715A3428000EACD05 /* ShellScript */ = {
			isa = PBXShellScriptBuildPhase;
			buildActionMask = 2147483647;
			files = (
			);
			inputPaths = (
			);
			outputPaths = (
			);
			runOnlyForDeploymentPostprocessing = 0;
			shellPath = /bin/sh;
			shellScript = "# Run the unit tests in this test bundle.\n\"${SYSTEM_DEVELOPER_DIR}/Tools/RunUnitTests\"\n";
		};
/* End PBXShellScriptBuildPhase section */

/* Begin PBXSourcesBuildPhase section */
		97F42E6415A3428000EACD05 /* Sources */ = {
			isa = PBXSourcesBuildPhase;
			buildActionMask = 2147483647;
			files = (
				97625E0915C1BDEF0053AF05 /* ATPagingView.m in Sources */,
				97F42E7915A3428000EACD05 /* main.m in Sources */,
				97F42E7D15A3428000EACD05 /* AppDelegate.m in Sources */,
				97F42E8315A3428000EACD05 /* SearchViewController.m in Sources */,
				97F42EB215A4541D00EACD05 /* Localisation.m in Sources */,
				97F42EB815A4789F00EACD05 /* PayingLocalisationCell.m in Sources */,
				9780D0CA15A7182D00311B30 /* LocalisationEngine.m in Sources */,
				9780D11015A8BDE100311B30 /* LocalisationAnnotation.m in Sources */,
				9780D15115A8E18D00311B30 /* Jastor.m in Sources */,
				9780D15215A8E18D00311B30 /* JastorRuntimeHelper.m in Sources */,
				9780D16915A8E30D00311B30 /* NSAlert+MKNetworkKitAdditions.m in Sources */,
				9780D16A15A8E30D00311B30 /* NSData+Base64.m in Sources */,
				9780D16B15A8E30D00311B30 /* NSDate+RFC1123.m in Sources */,
				9780D16C15A8E30D00311B30 /* NSDictionary+RequestEncoding.m in Sources */,
				9780D16D15A8E30D00311B30 /* NSString+MKNetworkKitAdditions.m in Sources */,
				9780D16E15A8E30D00311B30 /* UIAlertView+MKNetworkKitAdditions.m in Sources */,
				9780D16F15A8E30D00311B30 /* MKNetworkEngine.m in Sources */,
				9780D17015A8E30D00311B30 /* MKNetworkOperation.m in Sources */,
				9780D17115A8E30D00311B30 /* Reachability.m in Sources */,
				97027EA815AB238F00466D8E /* ResultViewController.m in Sources */,
				97F8157015AECB09008DEB30 /* SelectSearchViewController.m in Sources */,
				97F8157415AECB79008DEB30 /* SearchCriteria.m in Sources */,
				9741190115AF279C00939706 /* ProfilViewController.m in Sources */,
				9741190715AF41B400939706 /* LoginViewController.m in Sources */,
				9741190A15AF48A400939706 /* LoginSession.m in Sources */,
				97E7882A15B357D400F0FD4F /* NoAnimSegue.m in Sources */,
				97E7882E15B3712A00F0FD4F /* DashboardViewController.m in Sources */,
				97E7883415B4606B00F0FD4F /* FBRequestBlockDelegate.m in Sources */,
				97E7883815B84C3000F0FD4F /* ControllerHelper.m in Sources */,
				97E7885515B9EB3F00F0FD4F /* RegisterViewController.m in Sources */,
				97FD7E6C15BDC76200815752 /* Price.m in Sources */,
				97FD7E7015BDC77000815752 /* Comment.m in Sources */,
				97FD7E7315BDC77E00815752 /* Offer.m in Sources */,
				97FD7E7615BDC79500815752 /* OpeningTimes.m in Sources */,
				97FD7E7915BDC7A000815752 /* Member.m in Sources */,
				97FD7E8315BEF59C00815752 /* DescriptionViewController.m in Sources */,
				97FD7E8E15C011FE00815752 /* GalleryViewController.m in Sources */,
				97F8711415C176C200F248A3 /* Access.m in Sources */,
				97F8711715C176D600F248A3 /* Feature.m in Sources */,
				97F8711A15C176E700F248A3 /* Image.m in Sources */,
				97A0522115C2B1A80047EDD7 /* FreeLocalisationCell.m in Sources */,
				97A0522515C424500047EDD7 /* OrderByViewController.m in Sources */,
				97A0522C15C46B0A0047EDD7 /* SelectRadiusViewController.m in Sources */,
				97A0522F15C475FB0047EDD7 /* SelectTypeViewController.m in Sources */,
				978DE53C15C6E02F00270B1A /* DetailViewController.m in Sources */,
				978DE53F15C701D100270B1A /* OfferListViewController.m in Sources */,
				978DE54215C7020600270B1A /* OfferViewController.m in Sources */,
				97FBDF3015C98BE6007A5316 /* OffersSummary.m in Sources */,
				97F87B9415CAEFA2009B111D /* MinPrice.m in Sources */,
				976D3B2D15D15F9400C5DAF0 /* LocalisationCell.m in Sources */,
			);
			runOnlyForDeploymentPostprocessing = 0;
		};
		97F42E8415A3428000EACD05 /* Sources */ = {
			isa = PBXSourcesBuildPhase;
			buildActionMask = 2147483647;
			files = (
				97F42E9815A3428000EACD05 /* myGreatAppTests.m in Sources */,
				97F8712215C1B7A000F248A3 /* ATPagingView.m in Sources */,
			);
			runOnlyForDeploymentPostprocessing = 0;
		};
/* End PBXSourcesBuildPhase section */

/* Begin PBXTargetDependency section */
		97F42E8F15A3428000EACD05 /* PBXTargetDependency */ = {
			isa = PBXTargetDependency;
			target = 97F42E6715A3428000EACD05 /* myGreatApp */;
			targetProxy = 97F42E8E15A3428000EACD05 /* PBXContainerItemProxy */;
		};
/* End PBXTargetDependency section */

/* Begin PBXVariantGroup section */
		97F42E7515A3428000EACD05 /* InfoPlist.strings */ = {
			isa = PBXVariantGroup;
			children = (
				97F42E7615A3428000EACD05 /* en */,
			);
			name = InfoPlist.strings;
			sourceTree = "<group>";
		};
		97F42E7E15A3428000EACD05 /* MainStoryboard.storyboard */ = {
			isa = PBXVariantGroup;
			children = (
				97F42E7F15A3428000EACD05 /* en */,
			);
			name = MainStoryboard.storyboard;
			sourceTree = "<group>";
		};
		97F42E9315A3428000EACD05 /* InfoPlist.strings */ = {
			isa = PBXVariantGroup;
			children = (
				97F42E9415A3428000EACD05 /* en */,
			);
			name = InfoPlist.strings;
			sourceTree = "<group>";
		};
/* End PBXVariantGroup section */

/* Begin XCBuildConfiguration section */
		97F42E9915A3428000EACD05 /* Debug */ = {
			isa = XCBuildConfiguration;
			buildSettings = {
				ALWAYS_SEARCH_USER_PATHS = NO;
				ARCHS = "$(ARCHS_STANDARD_32_BIT)";
				CLANG_ENABLE_OBJC_ARC = YES;
				"CODE_SIGN_IDENTITY[sdk=iphoneos*]" = "iPhone Developer";
				COPY_PHASE_STRIP = NO;
				GCC_C_LANGUAGE_STANDARD = gnu99;
				GCC_DYNAMIC_NO_PIC = NO;
				GCC_OPTIMIZATION_LEVEL = 0;
				GCC_PREPROCESSOR_DEFINITIONS = (
					"DEBUG=1",
					"$(inherited)",
				);
				GCC_SYMBOLS_PRIVATE_EXTERN = NO;
				GCC_VERSION = com.apple.compilers.llvm.clang.1_0;
				GCC_WARN_ABOUT_RETURN_TYPE = YES;
				GCC_WARN_UNINITIALIZED_AUTOS = YES;
				GCC_WARN_UNUSED_VARIABLE = YES;
				IPHONEOS_DEPLOYMENT_TARGET = 5.1;
				SDKROOT = iphoneos;
			};
			name = Debug;
		};
		97F42E9A15A3428000EACD05 /* Release */ = {
			isa = XCBuildConfiguration;
			buildSettings = {
				ALWAYS_SEARCH_USER_PATHS = NO;
				ARCHS = "$(ARCHS_STANDARD_32_BIT)";
				CLANG_ENABLE_OBJC_ARC = YES;
				"CODE_SIGN_IDENTITY[sdk=iphoneos*]" = "iPhone Developer";
				COPY_PHASE_STRIP = YES;
				GCC_C_LANGUAGE_STANDARD = gnu99;
				GCC_VERSION = com.apple.compilers.llvm.clang.1_0;
				GCC_WARN_ABOUT_RETURN_TYPE = YES;
				GCC_WARN_UNINITIALIZED_AUTOS = YES;
				GCC_WARN_UNUSED_VARIABLE = YES;
				IPHONEOS_DEPLOYMENT_TARGET = 5.1;
				OTHER_CFLAGS = "-DNS_BLOCK_ASSERTIONS=1";
				SDKROOT = iphoneos;
				VALIDATE_PRODUCT = YES;
			};
			name = Release;
		};
		97F42E9C15A3428000EACD05 /* Debug */ = {
			isa = XCBuildConfiguration;
			buildSettings = {
				GCC_PRECOMPILE_PREFIX_HEADER = YES;
				GCC_PREFIX_HEADER = "myGreatApp/myGreatApp-Prefix.pch";
				INFOPLIST_FILE = "myGreatApp/myGreatApp-Info.plist";
				LIBRARY_SEARCH_PATHS = (
					"$(inherited)",
					"\"$(SRCROOT)/myGreatApp/Libraries/facebook-ios-sdk\"",
				);
				PRODUCT_NAME = "$(TARGET_NAME)";
				WRAPPER_EXTENSION = app;
			};
			name = Debug;
		};
		97F42E9D15A3428000EACD05 /* Release */ = {
			isa = XCBuildConfiguration;
			buildSettings = {
				GCC_PRECOMPILE_PREFIX_HEADER = YES;
				GCC_PREFIX_HEADER = "myGreatApp/myGreatApp-Prefix.pch";
				INFOPLIST_FILE = "myGreatApp/myGreatApp-Info.plist";
				LIBRARY_SEARCH_PATHS = (
					"$(inherited)",
					"\"$(SRCROOT)/myGreatApp/Libraries/facebook-ios-sdk\"",
				);
				PRODUCT_NAME = "$(TARGET_NAME)";
				WRAPPER_EXTENSION = app;
			};
			name = Release;
		};
		97F42E9F15A3428000EACD05 /* Debug */ = {
			isa = XCBuildConfiguration;
			buildSettings = {
				BUNDLE_LOADER = "$(BUILT_PRODUCTS_DIR)/myGreatApp.app/myGreatApp";
				FRAMEWORK_SEARCH_PATHS = (
					"$(SDKROOT)/Developer/Library/Frameworks",
					"$(DEVELOPER_LIBRARY_DIR)/Frameworks",
				);
				GCC_PRECOMPILE_PREFIX_HEADER = YES;
				GCC_PREFIX_HEADER = "myGreatApp/myGreatApp-Prefix.pch";
				INFOPLIST_FILE = "myGreatAppTests/myGreatAppTests-Info.plist";
				PRODUCT_NAME = "$(TARGET_NAME)";
				TEST_HOST = "$(BUNDLE_LOADER)";
				WRAPPER_EXTENSION = octest;
			};
			name = Debug;
		};
		97F42EA015A3428000EACD05 /* Release */ = {
			isa = XCBuildConfiguration;
			buildSettings = {
				BUNDLE_LOADER = "$(BUILT_PRODUCTS_DIR)/myGreatApp.app/myGreatApp";
				FRAMEWORK_SEARCH_PATHS = (
					"$(SDKROOT)/Developer/Library/Frameworks",
					"$(DEVELOPER_LIBRARY_DIR)/Frameworks",
				);
				GCC_PRECOMPILE_PREFIX_HEADER = YES;
				GCC_PREFIX_HEADER = "myGreatApp/myGreatApp-Prefix.pch";
				INFOPLIST_FILE = "myGreatAppTests/myGreatAppTests-Info.plist";
				PRODUCT_NAME = "$(TARGET_NAME)";
				TEST_HOST = "$(BUNDLE_LOADER)";
				WRAPPER_EXTENSION = octest;
			};
			name = Release;
		};
/* End XCBuildConfiguration section */

/* Begin XCConfigurationList section */
		97F42E6215A3428000EACD05 /* Build configuration list for PBXProject "myGreatApp" */ = {
			isa = XCConfigurationList;
			buildConfigurations = (
				97F42E9915A3428000EACD05 /* Debug */,
				97F42E9A15A3428000EACD05 /* Release */,
			);
			defaultConfigurationIsVisible = 0;
			defaultConfigurationName = Release;
		};
		97F42E9B15A3428000EACD05 /* Build configuration list for PBXNativeTarget "myGreatApp" */ = {
			isa = XCConfigurationList;
			buildConfigurations = (
				97F42E9C15A3428000EACD05 /* Debug */,
				97F42E9D15A3428000EACD05 /* Release */,
			);
			defaultConfigurationIsVisible = 0;
			defaultConfigurationName = Release;
		};
		97F42E9E15A3428000EACD05 /* Build configuration list for PBXNativeTarget "myGreatAppTests" */ = {
			isa = XCConfigurationList;
			buildConfigurations = (
				97F42E9F15A3428000EACD05 /* Debug */,
				97F42EA015A3428000EACD05 /* Release */,
			);
			defaultConfigurationIsVisible = 0;
			defaultConfigurationName = Release;
		};
/* End XCConfigurationList section */
	};
	rootObject = 97F42E5F15A3428000EACD05 /* Project object */;
}
